PODS:
  - CryptoSwift (0.9.0)
  - Geth (1.8.3)
  - Pocket (0.0.1)
  - web3swift (0.0.9):
    - CryptoSwift
    - Geth

DEPENDENCIES:
  - CryptoSwift (from `https://github.com/krzyzanowskim/CryptoSwift`, branch `develop`)
  - Pocket (from `..`)
  - web3swift (from `https://github.com/MercuryProtocol/web3.swift.git`, branch `master`)

SPEC REPOS:
  https://github.com/CocoaPods/Specs.git:
    - Geth

EXTERNAL SOURCES:
  CryptoSwift:
    :branch: develop
    :git: https://github.com/krzyzanowskim/CryptoSwift
  Pocket:
    :path: ".."
  web3swift:
    :branch: master
    :git: https://github.com/MercuryProtocol/web3.swift.git

CHECKOUT OPTIONS:
  CryptoSwift:
    :commit: 3ff4b5950a355349bc7e10819cec6cdad3cd7205
    :git: https://github.com/krzyzanowskim/CryptoSwift
  web3swift:
    :commit: fe0c3047cc9f808774c6172afe3cb126715adf49
    :git: https://github.com/MercuryProtocol/web3.swift.git

SPEC CHECKSUMS:
  CryptoSwift: ba0dcdfcb2f5307ae8ef55a2d4ad394d2c3cf80f
  Geth: e00dad6a7592facdf063214be13b28b7e73b0df2
  Pocket: 287782776413022c803e0c84200ae1dac587ac73
  web3swift: 9cf4ccef0c7f7e9f9abb3bc5867789b928800af6

PODFILE CHECKSUM: c9558573592d3ab0922a23c473aadb6401259dc5

COCOAPODS: 1.5.0
