// !$*UTF8*$!
{
	archiveVersion = 1;
	classes = {
	};
	objectVersion = 50;
	objects = {

/* Begin PBXBuildFile section */
		104A549E20FFC94A00BB9168 /* Pocket.swift in Sources */ = {isa = PBXBuildFile; fileRef = 104A549220FFC94A00BB9168 /* Pocket.swift */; };
		104A549F20FFC94A00BB9168 /* PocketRequestManager.swift in Sources */ = {isa = PBXBuildFile; fileRef = 104A549320FFC94A00BB9168 /* PocketRequestManager.swift */; };
		104A54A020FFC94A00BB9168 /* Query.swift in Sources */ = {isa = PBXBuildFile; fileRef = 104A549520FFC94A00BB9168 /* Query.swift */; };
		104A54A120FFC94A00BB9168 /* TransactionResponse.swift in Sources */ = {isa = PBXBuildFile; fileRef = 104A549620FFC94A00BB9168 /* TransactionResponse.swift */; };
		104A54A220FFC94A00BB9168 /* QueryResponse.swift in Sources */ = {isa = PBXBuildFile; fileRef = 104A549720FFC94A00BB9168 /* QueryResponse.swift */; };
		104A54A320FFC94A00BB9168 /* Transaction.swift in Sources */ = {isa = PBXBuildFile; fileRef = 104A549820FFC94A00BB9168 /* Transaction.swift */; };
		104A54A420FFC94A00BB9168 /* Utility.swift in Sources */ = {isa = PBXBuildFile; fileRef = 104A549920FFC94A00BB9168 /* Utility.swift */; };
		104A54A520FFC94A00BB9168 /* Wallet.swift in Sources */ = {isa = PBXBuildFile; fileRef = 104A549A20FFC94A00BB9168 /* Wallet.swift */; };
		104A54A620FFC94A00BB9168 /* PocketPlugin.swift in Sources */ = {isa = PBXBuildFile; fileRef = 104A549C20FFC94A00BB9168 /* PocketPlugin.swift */; };
		104A54A720FFC94A00BB9168 /* Configuration.swift in Sources */ = {isa = PBXBuildFile; fileRef = 104A549D20FFC94A00BB9168 /* Configuration.swift */; };
		8B96DAE5613598609EBA8BB4 /* Pods_Tests.framework in Frameworks */ = {isa = PBXBuildFile; fileRef = 14BD9628083386C46868DDF7 /* Pods_Tests.framework */; };
		8EFD0BAE20F2F8760005AD26 /* AppDelegate.swift in Sources */ = {isa = PBXBuildFile; fileRef = 8EFD0BAD20F2F8760005AD26 /* AppDelegate.swift */; };
		8EFD0BB020F2F8760005AD26 /* ViewController.swift in Sources */ = {isa = PBXBuildFile; fileRef = 8EFD0BAF20F2F8760005AD26 /* ViewController.swift */; };
		8EFD0BB320F2F8760005AD26 /* Main.storyboard in Resources */ = {isa = PBXBuildFile; fileRef = 8EFD0BB120F2F8760005AD26 /* Main.storyboard */; };
		8EFD0BB520F2F8780005AD26 /* Assets.xcassets in Resources */ = {isa = PBXBuildFile; fileRef = 8EFD0BB420F2F8780005AD26 /* Assets.xcassets */; };
		8EFD0BB820F2F8780005AD26 /* LaunchScreen.storyboard in Resources */ = {isa = PBXBuildFile; fileRef = 8EFD0BB620F2F8780005AD26 /* LaunchScreen.storyboard */; };
		A6A68C8ED34AC8C9CE3B8706 /* Pods_Example.framework in Frameworks */ = {isa = PBXBuildFile; fileRef = FB6E0C3C85BF42559BBEBDA6 /* Pods_Example.framework */; };
		EEB45603EDF35F8A67AED818 /* Pods_PocketTests.framework in Frameworks */ = {isa = PBXBuildFile; fileRef = C46F33596C0CCF5D45AE192A /* Pods_PocketTests.framework */; };
/* End PBXBuildFile section */

/* Begin PBXFileReference section */
		014352A602E002BDA0EB25CC /* Pods_Pocket.framework */ = {isa = PBXFileReference; explicitFileType = wrapper.framework; includeInIndex = 0; path = Pods_Pocket.framework; sourceTree = BUILT_PRODUCTS_DIR; };
		0D8BBDC58CCAA909575E6BA2 /* Pods-PocketTests.release.xcconfig */ = {isa = PBXFileReference; includeInIndex = 1; lastKnownFileType = text.xcconfig; name = "Pods-PocketTests.release.xcconfig"; path = "Pods/Target Support Files/Pods-PocketTests/Pods-PocketTests.release.xcconfig"; sourceTree = "<group>"; };
		104A549220FFC94A00BB9168 /* Pocket.swift */ = {isa = PBXFileReference; fileEncoding = 4; lastKnownFileType = sourcecode.swift; path = Pocket.swift; sourceTree = "<group>"; };
		104A549320FFC94A00BB9168 /* PocketRequestManager.swift */ = {isa = PBXFileReference; fileEncoding = 4; lastKnownFileType = sourcecode.swift; path = PocketRequestManager.swift; sourceTree = "<group>"; };
		104A549520FFC94A00BB9168 /* Query.swift */ = {isa = PBXFileReference; fileEncoding = 4; lastKnownFileType = sourcecode.swift; path = Query.swift; sourceTree = "<group>"; };
		104A549620FFC94A00BB9168 /* TransactionResponse.swift */ = {isa = PBXFileReference; fileEncoding = 4; lastKnownFileType = sourcecode.swift; path = TransactionResponse.swift; sourceTree = "<group>"; };
		104A549720FFC94A00BB9168 /* QueryResponse.swift */ = {isa = PBXFileReference; fileEncoding = 4; lastKnownFileType = sourcecode.swift; path = QueryResponse.swift; sourceTree = "<group>"; };
		104A549820FFC94A00BB9168 /* Transaction.swift */ = {isa = PBXFileReference; fileEncoding = 4; lastKnownFileType = sourcecode.swift; path = Transaction.swift; sourceTree = "<group>"; };
		104A549920FFC94A00BB9168 /* Utility.swift */ = {isa = PBXFileReference; fileEncoding = 4; lastKnownFileType = sourcecode.swift; path = Utility.swift; sourceTree = "<group>"; };
		104A549A20FFC94A00BB9168 /* Wallet.swift */ = {isa = PBXFileReference; fileEncoding = 4; lastKnownFileType = sourcecode.swift; path = Wallet.swift; sourceTree = "<group>"; };
		104A549C20FFC94A00BB9168 /* PocketPlugin.swift */ = {isa = PBXFileReference; fileEncoding = 4; lastKnownFileType = sourcecode.swift; path = PocketPlugin.swift; sourceTree = "<group>"; };
		104A549D20FFC94A00BB9168 /* Configuration.swift */ = {isa = PBXFileReference; fileEncoding = 4; lastKnownFileType = sourcecode.swift; path = Configuration.swift; sourceTree = "<group>"; };
		10CFAEA820D8785C00230740 /* Tests.xctest */ = {isa = PBXFileReference; explicitFileType = wrapper.cfbundle; includeInIndex = 0; path = Tests.xctest; sourceTree = BUILT_PRODUCTS_DIR; };
		14BD9628083386C46868DDF7 /* Pods_Tests.framework */ = {isa = PBXFileReference; explicitFileType = wrapper.framework; includeInIndex = 0; path = Pods_Tests.framework; sourceTree = BUILT_PRODUCTS_DIR; };
		388FA53F6A659C74639BC34E /* Pods-Tests.debug.xcconfig */ = {isa = PBXFileReference; includeInIndex = 1; lastKnownFileType = text.xcconfig; name = "Pods-Tests.debug.xcconfig"; path = "Pods/Target Support Files/Pods-Tests/Pods-Tests.debug.xcconfig"; sourceTree = "<group>"; };
		76CEF9E4782331317CAB8430 /* Pods-Tests.release.xcconfig */ = {isa = PBXFileReference; includeInIndex = 1; lastKnownFileType = text.xcconfig; name = "Pods-Tests.release.xcconfig"; path = "Pods/Target Support Files/Pods-Tests/Pods-Tests.release.xcconfig"; sourceTree = "<group>"; };
		7C710B87F6A77C66121E6E46 /* Pods-Pocket.debug.xcconfig */ = {isa = PBXFileReference; includeInIndex = 1; lastKnownFileType = text.xcconfig; name = "Pods-Pocket.debug.xcconfig"; path = "Pods/Target Support Files/Pods-Pocket/Pods-Pocket.debug.xcconfig"; sourceTree = "<group>"; };
		8EFD0BAB20F2F8760005AD26 /* Example.app */ = {isa = PBXFileReference; explicitFileType = wrapper.application; includeInIndex = 0; path = Example.app; sourceTree = BUILT_PRODUCTS_DIR; };
		8EFD0BAD20F2F8760005AD26 /* AppDelegate.swift */ = {isa = PBXFileReference; lastKnownFileType = sourcecode.swift; path = AppDelegate.swift; sourceTree = "<group>"; };
		8EFD0BAF20F2F8760005AD26 /* ViewController.swift */ = {isa = PBXFileReference; lastKnownFileType = sourcecode.swift; path = ViewController.swift; sourceTree = "<group>"; };
		8EFD0BB220F2F8760005AD26 /* Base */ = {isa = PBXFileReference; lastKnownFileType = file.storyboard; name = Base; path = Base.lproj/Main.storyboard; sourceTree = "<group>"; };
		8EFD0BB420F2F8780005AD26 /* Assets.xcassets */ = {isa = PBXFileReference; lastKnownFileType = folder.assetcatalog; path = Assets.xcassets; sourceTree = "<group>"; };
		8EFD0BB720F2F8780005AD26 /* Base */ = {isa = PBXFileReference; lastKnownFileType = file.storyboard; name = Base; path = Base.lproj/LaunchScreen.storyboard; sourceTree = "<group>"; };
		8EFD0BB920F2F8780005AD26 /* Info.plist */ = {isa = PBXFileReference; lastKnownFileType = text.plist.xml; path = Info.plist; sourceTree = "<group>"; };
		98A053BEA7A019840924C7EA /* Pods-Example.debug.xcconfig */ = {isa = PBXFileReference; includeInIndex = 1; lastKnownFileType = text.xcconfig; name = "Pods-Example.debug.xcconfig"; path = "Pods/Target Support Files/Pods-Example/Pods-Example.debug.xcconfig"; sourceTree = "<group>"; };
		C230409A0BE741438C7BFB52 /* Pods-PocketTests.debug.xcconfig */ = {isa = PBXFileReference; includeInIndex = 1; lastKnownFileType = text.xcconfig; name = "Pods-PocketTests.debug.xcconfig"; path = "Pods/Target Support Files/Pods-PocketTests/Pods-PocketTests.debug.xcconfig"; sourceTree = "<group>"; };
		C46F33596C0CCF5D45AE192A /* Pods_PocketTests.framework */ = {isa = PBXFileReference; explicitFileType = wrapper.framework; includeInIndex = 0; path = Pods_PocketTests.framework; sourceTree = BUILT_PRODUCTS_DIR; };
		C7B85D18DC92A86C55509E25 /* Pods-Example.release.xcconfig */ = {isa = PBXFileReference; includeInIndex = 1; lastKnownFileType = text.xcconfig; name = "Pods-Example.release.xcconfig"; path = "Pods/Target Support Files/Pods-Example/Pods-Example.release.xcconfig"; sourceTree = "<group>"; };
		DDEB9FEAEA22C7476EF216A4 /* Pods-Pocket.release.xcconfig */ = {isa = PBXFileReference; includeInIndex = 1; lastKnownFileType = text.xcconfig; name = "Pods-Pocket.release.xcconfig"; path = "Pods/Target Support Files/Pods-Pocket/Pods-Pocket.release.xcconfig"; sourceTree = "<group>"; };
		FB6E0C3C85BF42559BBEBDA6 /* Pods_Example.framework */ = {isa = PBXFileReference; explicitFileType = wrapper.framework; includeInIndex = 0; path = Pods_Example.framework; sourceTree = BUILT_PRODUCTS_DIR; };
/* End PBXFileReference section */

/* Begin PBXFrameworksBuildPhase section */
		10CFAEA520D8785C00230740 /* Frameworks */ = {
			isa = PBXFrameworksBuildPhase;
			buildActionMask = 2147483647;
			files = (
				EEB45603EDF35F8A67AED818 /* Pods_PocketTests.framework in Frameworks */,
				8B96DAE5613598609EBA8BB4 /* Pods_Tests.framework in Frameworks */,
			);
			runOnlyForDeploymentPostprocessing = 0;
		};
		8EFD0BA820F2F8760005AD26 /* Frameworks */ = {
			isa = PBXFrameworksBuildPhase;
			buildActionMask = 2147483647;
			files = (
				A6A68C8ED34AC8C9CE3B8706 /* Pods_Example.framework in Frameworks */,
			);
			runOnlyForDeploymentPostprocessing = 0;
		};
/* End PBXFrameworksBuildPhase section */

/* Begin PBXGroup section */
		104A549020FFC94A00BB9168 /* Sources */ = {
			isa = PBXGroup;
			children = (
				104A549120FFC94A00BB9168 /* Managers */,
				104A549420FFC94A00BB9168 /* Models */,
				104A549B20FFC94A00BB9168 /* Protocols */,
			);
			name = Sources;
			path = ../Sources;
			sourceTree = "<group>";
		};
		104A549120FFC94A00BB9168 /* Managers */ = {
			isa = PBXGroup;
			children = (
				104A549220FFC94A00BB9168 /* Pocket.swift */,
				104A549320FFC94A00BB9168 /* PocketRequestManager.swift */,
			);
			path = Managers;
			sourceTree = "<group>";
		};
		104A549420FFC94A00BB9168 /* Models */ = {
			isa = PBXGroup;
			children = (
				104A549520FFC94A00BB9168 /* Query.swift */,
				104A549620FFC94A00BB9168 /* TransactionResponse.swift */,
				104A549720FFC94A00BB9168 /* QueryResponse.swift */,
				104A549820FFC94A00BB9168 /* Transaction.swift */,
				104A549920FFC94A00BB9168 /* Utility.swift */,
				104A549A20FFC94A00BB9168 /* Wallet.swift */,
			);
			path = Models;
			sourceTree = "<group>";
		};
		104A549B20FFC94A00BB9168 /* Protocols */ = {
			isa = PBXGroup;
			children = (
				104A549C20FFC94A00BB9168 /* PocketPlugin.swift */,
				104A549D20FFC94A00BB9168 /* Configuration.swift */,
			);
			path = Protocols;
			sourceTree = "<group>";
		};
		3C7BBF3BBD564FFA37617C53 /* Frameworks */ = {
			isa = PBXGroup;
			children = (
				014352A602E002BDA0EB25CC /* Pods_Pocket.framework */,
				C46F33596C0CCF5D45AE192A /* Pods_PocketTests.framework */,
				FB6E0C3C85BF42559BBEBDA6 /* Pods_Example.framework */,
				14BD9628083386C46868DDF7 /* Pods_Tests.framework */,
			);
			name = Frameworks;
			sourceTree = "<group>";
		};
		7581B8E8AA6DD1989F3E5C56 /* Pods */ = {
			isa = PBXGroup;
			children = (
				7C710B87F6A77C66121E6E46 /* Pods-Pocket.debug.xcconfig */,
				DDEB9FEAEA22C7476EF216A4 /* Pods-Pocket.release.xcconfig */,
				C230409A0BE741438C7BFB52 /* Pods-PocketTests.debug.xcconfig */,
				0D8BBDC58CCAA909575E6BA2 /* Pods-PocketTests.release.xcconfig */,
				98A053BEA7A019840924C7EA /* Pods-Example.debug.xcconfig */,
				C7B85D18DC92A86C55509E25 /* Pods-Example.release.xcconfig */,
				388FA53F6A659C74639BC34E /* Pods-Tests.debug.xcconfig */,
				76CEF9E4782331317CAB8430 /* Pods-Tests.release.xcconfig */,
			);
			name = Pods;
			sourceTree = "<group>";
		};
		8EFD0BAC20F2F8760005AD26 /* Example */ = {
			isa = PBXGroup;
			children = (
				8EFD0BAD20F2F8760005AD26 /* AppDelegate.swift */,
				8EFD0BAF20F2F8760005AD26 /* ViewController.swift */,
				8EFD0BB120F2F8760005AD26 /* Main.storyboard */,
				8EFD0BB420F2F8780005AD26 /* Assets.xcassets */,
				8EFD0BB620F2F8780005AD26 /* LaunchScreen.storyboard */,
				8EFD0BB920F2F8780005AD26 /* Info.plist */,
			);
			path = Example;
			sourceTree = "<group>";
		};
		C539AF8B20C1B161001CDC09 = {
			isa = PBXGroup;
			children = (
				104A549020FFC94A00BB9168 /* Sources */,
				8EFD0BAC20F2F8760005AD26 /* Example */,
				C539AF9520C1B161001CDC09 /* Products */,
				7581B8E8AA6DD1989F3E5C56 /* Pods */,
				3C7BBF3BBD564FFA37617C53 /* Frameworks */,
			);
			sourceTree = "<group>";
		};
		C539AF9520C1B161001CDC09 /* Products */ = {
			isa = PBXGroup;
			children = (
				10CFAEA820D8785C00230740 /* Tests.xctest */,
				8EFD0BAB20F2F8760005AD26 /* Example.app */,
			);
			name = Products;
			sourceTree = "<group>";
		};
/* End PBXGroup section */

/* Begin PBXNativeTarget section */
		10CFAEA720D8785C00230740 /* Tests */ = {
			isa = PBXNativeTarget;
			buildConfigurationList = 10CFAEB420D8785C00230740 /* Build configuration list for PBXNativeTarget "Tests" */;
			buildPhases = (
				BB1C659A524708E42B81968A /* [CP] Check Pods Manifest.lock */,
				10CFAEA420D8785C00230740 /* Sources */,
				10CFAEA520D8785C00230740 /* Frameworks */,
				10CFAEA620D8785C00230740 /* Resources */,
				32A169A733D33229025968F3 /* [CP] Embed Pods Frameworks */,
				925030700C7BFE7D226F1149 /* [CP] Copy Pods Resources */,
			);
			buildRules = (
			);
			dependencies = (
			);
			name = Tests;
			productName = PocketTests;
			productReference = 10CFAEA820D8785C00230740 /* Tests.xctest */;
			productType = "com.apple.product-type.bundle.unit-test";
		};
		8EFD0BAA20F2F8760005AD26 /* Example */ = {
			isa = PBXNativeTarget;
			buildConfigurationList = 8EFD0BBA20F2F8780005AD26 /* Build configuration list for PBXNativeTarget "Example" */;
			buildPhases = (
				0A6063ED8E2462069EC441D9 /* [CP] Check Pods Manifest.lock */,
				8EFD0BA720F2F8760005AD26 /* Sources */,
				8EFD0BA820F2F8760005AD26 /* Frameworks */,
				8EFD0BA920F2F8760005AD26 /* Resources */,
				51C9C06723F27F6D39CC1BB2 /* [CP] Embed Pods Frameworks */,
				C7272C4ED1076DF2AD70ADF3 /* [CP] Copy Pods Resources */,
			);
			buildRules = (
			);
			dependencies = (
			);
			name = Example;
			productName = Example;
			productReference = 8EFD0BAB20F2F8760005AD26 /* Example.app */;
			productType = "com.apple.product-type.application";
		};
/* End PBXNativeTarget section */

/* Begin PBXProject section */
		C539AF8C20C1B161001CDC09 /* Project object */ = {
			isa = PBXProject;
			attributes = {
				LastSwiftUpdateCheck = 0940;
				LastUpgradeCheck = 0930;
				ORGANIZATIONNAME = "Pocket Network";
				TargetAttributes = {
					10CFAEA720D8785C00230740 = {
						CreatedOnToolsVersion = 9.4;
						LastSwiftMigration = 0940;
					};
					8EFD0BAA20F2F8760005AD26 = {
						CreatedOnToolsVersion = 9.4.1;
					};
				};
			};
			buildConfigurationList = C539AF8F20C1B161001CDC09 /* Build configuration list for PBXProject "Pocket" */;
			compatibilityVersion = "Xcode 9.3";
			developmentRegion = en;
			hasScannedForEncodings = 0;
			knownRegions = (
				en,
				Base,
			);
			mainGroup = C539AF8B20C1B161001CDC09;
			productRefGroup = C539AF9520C1B161001CDC09 /* Products */;
			projectDirPath = "";
			projectRoot = "";
			targets = (
				8EFD0BAA20F2F8760005AD26 /* Example */,
				10CFAEA720D8785C00230740 /* Tests */,
			);
		};
/* End PBXProject section */

/* Begin PBXResourcesBuildPhase section */
		10CFAEA620D8785C00230740 /* Resources */ = {
			isa = PBXResourcesBuildPhase;
			buildActionMask = 2147483647;
			files = (
			);
			runOnlyForDeploymentPostprocessing = 0;
		};
		8EFD0BA920F2F8760005AD26 /* Resources */ = {
			isa = PBXResourcesBuildPhase;
			buildActionMask = 2147483647;
			files = (
				8EFD0BB820F2F8780005AD26 /* LaunchScreen.storyboard in Resources */,
				8EFD0BB520F2F8780005AD26 /* Assets.xcassets in Resources */,
				8EFD0BB320F2F8760005AD26 /* Main.storyboard in Resources */,
			);
			runOnlyForDeploymentPostprocessing = 0;
		};
/* End PBXResourcesBuildPhase section */

/* Begin PBXShellScriptBuildPhase section */
		0A6063ED8E2462069EC441D9 /* [CP] Check Pods Manifest.lock */ = {
			isa = PBXShellScriptBuildPhase;
			buildActionMask = 2147483647;
			files = (
			);
			inputPaths = (
				"${PODS_PODFILE_DIR_PATH}/Podfile.lock",
				"${PODS_ROOT}/Manifest.lock",
			);
			name = "[CP] Check Pods Manifest.lock";
			outputPaths = (
				"$(DERIVED_FILE_DIR)/Pods-Example-checkManifestLockResult.txt",
			);
			runOnlyForDeploymentPostprocessing = 0;
			shellPath = /bin/sh;
			shellScript = "diff \"${PODS_PODFILE_DIR_PATH}/Podfile.lock\" \"${PODS_ROOT}/Manifest.lock\" > /dev/null\nif [ $? != 0 ] ; then\n    # print error to STDERR\n    echo \"error: The sandbox is not in sync with the Podfile.lock. Run 'pod install' or update your CocoaPods installation.\" >&2\n    exit 1\nfi\n# This output is used by Xcode 'outputs' to avoid re-running this script phase.\necho \"SUCCESS\" > \"${SCRIPT_OUTPUT_FILE_0}\"\n";
			showEnvVarsInLog = 0;
		};
		32A169A733D33229025968F3 /* [CP] Embed Pods Frameworks */ = {
			isa = PBXShellScriptBuildPhase;
			buildActionMask = 2147483647;
			files = (
			);
			inputPaths = (
				"${SRCROOT}/Pods/Target Support Files/Pods-PocketTests/Pods-PocketTests-frameworks.sh",
				"${BUILT_PRODUCTS_DIR}/RNCryptor/RNCryptor.framework",
				"${BUILT_PRODUCTS_DIR}/SwiftKeychainWrapper/SwiftKeychainWrapper.framework",
			);
			name = "[CP] Embed Pods Frameworks";
			outputPaths = (
				"${TARGET_BUILD_DIR}/${FRAMEWORKS_FOLDER_PATH}/RNCryptor.framework",
				"${TARGET_BUILD_DIR}/${FRAMEWORKS_FOLDER_PATH}/SwiftKeychainWrapper.framework",
			);
			runOnlyForDeploymentPostprocessing = 0;
			shellPath = /bin/sh;
			shellScript = "\"${SRCROOT}/Pods/Target Support Files/Pods-Tests/Pods-Tests-frameworks.sh\"\n";
			showEnvVarsInLog = 0;
		};
		51C9C06723F27F6D39CC1BB2 /* [CP] Embed Pods Frameworks */ = {
			isa = PBXShellScriptBuildPhase;
			buildActionMask = 2147483647;
			files = (
			);
			inputPaths = (
				"${SRCROOT}/Pods/Target Support Files/Pods-Example/Pods-Example-frameworks.sh",
				"${BUILT_PRODUCTS_DIR}/Pocket/Pocket.framework",
				"${BUILT_PRODUCTS_DIR}/RNCryptor/RNCryptor.framework",
				"${BUILT_PRODUCTS_DIR}/SwiftKeychainWrapper/SwiftKeychainWrapper.framework",
			);
			name = "[CP] Embed Pods Frameworks";
			outputPaths = (
				"${TARGET_BUILD_DIR}/${FRAMEWORKS_FOLDER_PATH}/Pocket.framework",
				"${TARGET_BUILD_DIR}/${FRAMEWORKS_FOLDER_PATH}/RNCryptor.framework",
				"${TARGET_BUILD_DIR}/${FRAMEWORKS_FOLDER_PATH}/SwiftKeychainWrapper.framework",
			);
			runOnlyForDeploymentPostprocessing = 0;
			shellPath = /bin/sh;
			shellScript = "\"${SRCROOT}/Pods/Target Support Files/Pods-Example/Pods-Example-frameworks.sh\"\n";
			showEnvVarsInLog = 0;
		};
		925030700C7BFE7D226F1149 /* [CP] Copy Pods Resources */ = {
			isa = PBXShellScriptBuildPhase;
			buildActionMask = 2147483647;
			files = (
			);
			inputPaths = (
			);
			name = "[CP] Copy Pods Resources";
			outputPaths = (
			);
			runOnlyForDeploymentPostprocessing = 0;
			shellPath = /bin/sh;
			shellScript = "\"${SRCROOT}/Pods/Target Support Files/Pods-Tests/Pods-Tests-resources.sh\"\n";
			showEnvVarsInLog = 0;
		};
		BB1C659A524708E42B81968A /* [CP] Check Pods Manifest.lock */ = {
			isa = PBXShellScriptBuildPhase;
			buildActionMask = 2147483647;
			files = (
			);
			inputPaths = (
				"${PODS_PODFILE_DIR_PATH}/Podfile.lock",
				"${PODS_ROOT}/Manifest.lock",
			);
			name = "[CP] Check Pods Manifest.lock";
			outputPaths = (
				"$(DERIVED_FILE_DIR)/Pods-Tests-checkManifestLockResult.txt",
			);
			runOnlyForDeploymentPostprocessing = 0;
			shellPath = /bin/sh;
			shellScript = "diff \"${PODS_PODFILE_DIR_PATH}/Podfile.lock\" \"${PODS_ROOT}/Manifest.lock\" > /dev/null\nif [ $? != 0 ] ; then\n    # print error to STDERR\n    echo \"error: The sandbox is not in sync with the Podfile.lock. Run 'pod install' or update your CocoaPods installation.\" >&2\n    exit 1\nfi\n# This output is used by Xcode 'outputs' to avoid re-running this script phase.\necho \"SUCCESS\" > \"${SCRIPT_OUTPUT_FILE_0}\"\n";
			showEnvVarsInLog = 0;
		};
		C7272C4ED1076DF2AD70ADF3 /* [CP] Copy Pods Resources */ = {
			isa = PBXShellScriptBuildPhase;
			buildActionMask = 2147483647;
			files = (
			);
			inputPaths = (
			);
			name = "[CP] Copy Pods Resources";
			outputPaths = (
			);
			runOnlyForDeploymentPostprocessing = 0;
			shellPath = /bin/sh;
			shellScript = "\"${SRCROOT}/Pods/Target Support Files/Pods-Example/Pods-Example-resources.sh\"\n";
			showEnvVarsInLog = 0;
		};
/* End PBXShellScriptBuildPhase section */

/* Begin PBXSourcesBuildPhase section */
		10CFAEA420D8785C00230740 /* Sources */ = {
			isa = PBXSourcesBuildPhase;
			buildActionMask = 2147483647;
			files = (
			);
			runOnlyForDeploymentPostprocessing = 0;
		};
		8EFD0BA720F2F8760005AD26 /* Sources */ = {
			isa = PBXSourcesBuildPhase;
			buildActionMask = 2147483647;
			files = (
				104A54A620FFC94A00BB9168 /* PocketPlugin.swift in Sources */,
				104A54A520FFC94A00BB9168 /* Wallet.swift in Sources */,
				104A54A220FFC94A00BB9168 /* QueryResponse.swift in Sources */,
				104A54A020FFC94A00BB9168 /* Query.swift in Sources */,
				104A54A420FFC94A00BB9168 /* Utility.swift in Sources */,
				104A54A320FFC94A00BB9168 /* Transaction.swift in Sources */,
				104A54A720FFC94A00BB9168 /* Configuration.swift in Sources */,
				104A549E20FFC94A00BB9168 /* Pocket.swift in Sources */,
				8EFD0BB020F2F8760005AD26 /* ViewController.swift in Sources */,
				104A54A120FFC94A00BB9168 /* TransactionResponse.swift in Sources */,
				8EFD0BAE20F2F8760005AD26 /* AppDelegate.swift in Sources */,
				104A549F20FFC94A00BB9168 /* PocketRequestManager.swift in Sources */,
			);
			runOnlyForDeploymentPostprocessing = 0;
		};
/* End PBXSourcesBuildPhase section */

/* Begin PBXVariantGroup section */
		8EFD0BB120F2F8760005AD26 /* Main.storyboard */ = {
			isa = PBXVariantGroup;
			children = (
				8EFD0BB220F2F8760005AD26 /* Base */,
			);
			name = Main.storyboard;
			sourceTree = "<group>";
		};
		8EFD0BB620F2F8780005AD26 /* LaunchScreen.storyboard */ = {
			isa = PBXVariantGroup;
			children = (
				8EFD0BB720F2F8780005AD26 /* Base */,
			);
			name = LaunchScreen.storyboard;
			sourceTree = "<group>";
		};
/* End PBXVariantGroup section */

/* Begin XCBuildConfiguration section */
		10CFAEB520D8785C00230740 /* Debug */ = {
			isa = XCBuildConfiguration;
			baseConfigurationReference = 388FA53F6A659C74639BC34E /* Pods-Tests.debug.xcconfig */;
			buildSettings = {
				CLANG_ENABLE_MODULES = YES;
				CODE_SIGN_STYLE = Automatic;
				INFOPLIST_FILE = PocketTests/Info.plist;
				IPHONEOS_DEPLOYMENT_TARGET = 11.3;
				LD_RUNPATH_SEARCH_PATHS = (
					"$(inherited)",
					"@executable_path/Frameworks",
					"@loader_path/Frameworks",
				);
				PRODUCT_BUNDLE_IDENTIFIER = network.pokt.PocketTests;
				PRODUCT_NAME = "$(TARGET_NAME)";
				SWIFT_OPTIMIZATION_LEVEL = "-Onone";
				SWIFT_VERSION = 4.0;
				TARGETED_DEVICE_FAMILY = "1,2";
			};
			name = Debug;
		};
		10CFAEB620D8785C00230740 /* Release */ = {
			isa = XCBuildConfiguration;
			baseConfigurationReference = 76CEF9E4782331317CAB8430 /* Pods-Tests.release.xcconfig */;
			buildSettings = {
				CLANG_ENABLE_MODULES = YES;
				CODE_SIGN_STYLE = Automatic;
				INFOPLIST_FILE = PocketTests/Info.plist;
				IPHONEOS_DEPLOYMENT_TARGET = 11.3;
				LD_RUNPATH_SEARCH_PATHS = (
					"$(inherited)",
					"@executable_path/Frameworks",
					"@loader_path/Frameworks",
				);
				PRODUCT_BUNDLE_IDENTIFIER = network.pokt.PocketTests;
				PRODUCT_NAME = "$(TARGET_NAME)";
				SWIFT_VERSION = 4.0;
				TARGETED_DEVICE_FAMILY = "1,2";
			};
			name = Release;
		};
		8EFD0BBB20F2F8780005AD26 /* Debug */ = {
			isa = XCBuildConfiguration;
			baseConfigurationReference = 98A053BEA7A019840924C7EA /* Pods-Example.debug.xcconfig */;
			buildSettings = {
				ASSETCATALOG_COMPILER_APPICON_NAME = AppIcon;
				CODE_SIGN_STYLE = Automatic;
				INFOPLIST_FILE = Example/Info.plist;
				IPHONEOS_DEPLOYMENT_TARGET = 11.4;
				LD_RUNPATH_SEARCH_PATHS = (
					"$(inherited)",
					"@executable_path/Frameworks",
				);
				PRODUCT_BUNDLE_IDENTIFIER = network.pokt.Example;
				PRODUCT_NAME = "$(TARGET_NAME)";
				SWIFT_VERSION = 4.0;
				TARGETED_DEVICE_FAMILY = "1,2";
			};
			name = Debug;
		};
		8EFD0BBC20F2F8780005AD26 /* Release */ = {
			isa = XCBuildConfiguration;
			baseConfigurationReference = C7B85D18DC92A86C55509E25 /* Pods-Example.release.xcconfig */;
			buildSettings = {
				ASSETCATALOG_COMPILER_APPICON_NAME = AppIcon;
				CODE_SIGN_STYLE = Automatic;
				INFOPLIST_FILE = Example/Info.plist;
				IPHONEOS_DEPLOYMENT_TARGET = 11.4;
				LD_RUNPATH_SEARCH_PATHS = (
					"$(inherited)",
					"@executable_path/Frameworks",
				);
				PRODUCT_BUNDLE_IDENTIFIER = network.pokt.Example;
				PRODUCT_NAME = "$(TARGET_NAME)";
				SWIFT_VERSION = 4.0;
				TARGETED_DEVICE_FAMILY = "1,2";
			};
			name = Release;
		};
		C539AFBA20C1B162001CDC09 /* Debug */ = {
			isa = XCBuildConfiguration;
			buildSettings = {
				ALWAYS_SEARCH_USER_PATHS = NO;
				CLANG_ANALYZER_NONNULL = YES;
				CLANG_ANALYZER_NUMBER_OBJECT_CONVERSION = YES_AGGRESSIVE;
				CLANG_CXX_LANGUAGE_STANDARD = "gnu++14";
				CLANG_CXX_LIBRARY = "libc++";
				CLANG_ENABLE_MODULES = YES;
				CLANG_ENABLE_OBJC_ARC = YES;
				CLANG_ENABLE_OBJC_WEAK = YES;
				CLANG_WARN_BLOCK_CAPTURE_AUTORELEASING = YES;
				CLANG_WARN_BOOL_CONVERSION = YES;
				CLANG_WARN_COMMA = YES;
				CLANG_WARN_CONSTANT_CONVERSION = YES;
				CLANG_WARN_DEPRECATED_OBJC_IMPLEMENTATIONS = YES;
				CLANG_WARN_DIRECT_OBJC_ISA_USAGE = YES_ERROR;
				CLANG_WARN_DOCUMENTATION_COMMENTS = YES;
				CLANG_WARN_EMPTY_BODY = YES;
				CLANG_WARN_ENUM_CONVERSION = YES;
				CLANG_WARN_INFINITE_RECURSION = YES;
				CLANG_WARN_INT_CONVERSION = YES;
				CLANG_WARN_NON_LITERAL_NULL_CONVERSION = YES;
				CLANG_WARN_OBJC_IMPLICIT_RETAIN_SELF = YES;
				CLANG_WARN_OBJC_LITERAL_CONVERSION = YES;
				CLANG_WARN_OBJC_ROOT_CLASS = YES_ERROR;
				CLANG_WARN_RANGE_LOOP_ANALYSIS = YES;
				CLANG_WARN_STRICT_PROTOTYPES = YES;
				CLANG_WARN_SUSPICIOUS_MOVE = YES;
				CLANG_WARN_UNGUARDED_AVAILABILITY = YES_AGGRESSIVE;
				CLANG_WARN_UNREACHABLE_CODE = YES;
				CLANG_WARN__DUPLICATE_METHOD_MATCH = YES;
				CODE_SIGN_IDENTITY = "iPhone Developer";
				COPY_PHASE_STRIP = NO;
				DEBUG_INFORMATION_FORMAT = dwarf;
				ENABLE_STRICT_OBJC_MSGSEND = YES;
				ENABLE_TESTABILITY = YES;
				GCC_C_LANGUAGE_STANDARD = gnu11;
				GCC_DYNAMIC_NO_PIC = NO;
				GCC_NO_COMMON_BLOCKS = YES;
				GCC_OPTIMIZATION_LEVEL = 0;
				GCC_PREPROCESSOR_DEFINITIONS = (
					"DEBUG=1",
					"$(inherited)",
				);
				GCC_WARN_64_TO_32_BIT_CONVERSION = YES;
				GCC_WARN_ABOUT_RETURN_TYPE = YES_ERROR;
				GCC_WARN_UNDECLARED_SELECTOR = YES;
				GCC_WARN_UNINITIALIZED_AUTOS = YES_AGGRESSIVE;
				GCC_WARN_UNUSED_FUNCTION = YES;
				GCC_WARN_UNUSED_VARIABLE = YES;
				IPHONEOS_DEPLOYMENT_TARGET = 11.3;
				MTL_ENABLE_DEBUG_INFO = YES;
				ONLY_ACTIVE_ARCH = YES;
				SDKROOT = iphoneos;
				SWIFT_ACTIVE_COMPILATION_CONDITIONS = DEBUG;
				SWIFT_OPTIMIZATION_LEVEL = "-Onone";
			};
			name = Debug;
		};
		C539AFBB20C1B162001CDC09 /* Release */ = {
			isa = XCBuildConfiguration;
			buildSettings = {
				ALWAYS_SEARCH_USER_PATHS = NO;
				CLANG_ANALYZER_NONNULL = YES;
				CLANG_ANALYZER_NUMBER_OBJECT_CONVERSION = YES_AGGRESSIVE;
				CLANG_CXX_LANGUAGE_STANDARD = "gnu++14";
				CLANG_CXX_LIBRARY = "libc++";
				CLANG_ENABLE_MODULES = YES;
				CLANG_ENABLE_OBJC_ARC = YES;
				CLANG_ENABLE_OBJC_WEAK = YES;
				CLANG_WARN_BLOCK_CAPTURE_AUTORELEASING = YES;
				CLANG_WARN_BOOL_CONVERSION = YES;
				CLANG_WARN_COMMA = YES;
				CLANG_WARN_CONSTANT_CONVERSION = YES;
				CLANG_WARN_DEPRECATED_OBJC_IMPLEMENTATIONS = YES;
				CLANG_WARN_DIRECT_OBJC_ISA_USAGE = YES_ERROR;
				CLANG_WARN_DOCUMENTATION_COMMENTS = YES;
				CLANG_WARN_EMPTY_BODY = YES;
				CLANG_WARN_ENUM_CONVERSION = YES;
				CLANG_WARN_INFINITE_RECURSION = YES;
				CLANG_WARN_INT_CONVERSION = YES;
				CLANG_WARN_NON_LITERAL_NULL_CONVERSION = YES;
				CLANG_WARN_OBJC_IMPLICIT_RETAIN_SELF = YES;
				CLANG_WARN_OBJC_LITERAL_CONVERSION = YES;
				CLANG_WARN_OBJC_ROOT_CLASS = YES_ERROR;
				CLANG_WARN_RANGE_LOOP_ANALYSIS = YES;
				CLANG_WARN_STRICT_PROTOTYPES = YES;
				CLANG_WARN_SUSPICIOUS_MOVE = YES;
				CLANG_WARN_UNGUARDED_AVAILABILITY = YES_AGGRESSIVE;
				CLANG_WARN_UNREACHABLE_CODE = YES;
				CLANG_WARN__DUPLICATE_METHOD_MATCH = YES;
				CODE_SIGN_IDENTITY = "iPhone Developer";
				COPY_PHASE_STRIP = NO;
				DEBUG_INFORMATION_FORMAT = "dwarf-with-dsym";
				ENABLE_NS_ASSERTIONS = NO;
				ENABLE_STRICT_OBJC_MSGSEND = YES;
				GCC_C_LANGUAGE_STANDARD = gnu11;
				GCC_NO_COMMON_BLOCKS = YES;
				GCC_WARN_64_TO_32_BIT_CONVERSION = YES;
				GCC_WARN_ABOUT_RETURN_TYPE = YES_ERROR;
				GCC_WARN_UNDECLARED_SELECTOR = YES;
				GCC_WARN_UNINITIALIZED_AUTOS = YES_AGGRESSIVE;
				GCC_WARN_UNUSED_FUNCTION = YES;
				GCC_WARN_UNUSED_VARIABLE = YES;
				IPHONEOS_DEPLOYMENT_TARGET = 11.3;
				MTL_ENABLE_DEBUG_INFO = NO;
				SDKROOT = iphoneos;
				SWIFT_COMPILATION_MODE = wholemodule;
				SWIFT_OPTIMIZATION_LEVEL = "-O";
				VALIDATE_PRODUCT = YES;
			};
			name = Release;
		};
/* End XCBuildConfiguration section */

/* Begin XCConfigurationList section */
		10CFAEB420D8785C00230740 /* Build configuration list for PBXNativeTarget "Tests" */ = {
			isa = XCConfigurationList;
			buildConfigurations = (
				10CFAEB520D8785C00230740 /* Debug */,
				10CFAEB620D8785C00230740 /* Release */,
			);
			defaultConfigurationIsVisible = 0;
			defaultConfigurationName = Release;
		};
		8EFD0BBA20F2F8780005AD26 /* Build configuration list for PBXNativeTarget "Example" */ = {
			isa = XCConfigurationList;
			buildConfigurations = (
				8EFD0BBB20F2F8780005AD26 /* Debug */,
				8EFD0BBC20F2F8780005AD26 /* Release */,
			);
			defaultConfigurationIsVisible = 0;
			defaultConfigurationName = Release;
		};
		C539AF8F20C1B161001CDC09 /* Build configuration list for PBXProject "Pocket" */ = {
			isa = XCConfigurationList;
			buildConfigurations = (
				C539AFBA20C1B162001CDC09 /* Debug */,
				C539AFBB20C1B162001CDC09 /* Release */,
			);
			defaultConfigurationIsVisible = 0;
			defaultConfigurationName = Release;
		};
/* End XCConfigurationList section */
	};
	rootObject = C539AF8C20C1B161001CDC09 /* Project object */;
}
