// !$*UTF8*$!
{
	archiveVersion = 1;
	classes = {
	};
	objectVersion = 48;
	objects = {

/* Begin PBXBuildFile section */
		1A940F0742F7CE3C18F00A93 /* Pods_PocketTests.framework in Frameworks */ = {isa = PBXBuildFile; fileRef = D5C17330B3488F4893FB9081 /* Pods_PocketTests.framework */; };
		32092E7FA3CC86BE39401079 /* Pods_Pocket.framework in Frameworks */ = {isa = PBXBuildFile; fileRef = 90B20D18E98992031EE0EB1B /* Pods_Pocket.framework */; };
		8E953D33205F3A380059105D /* AppDelegate.swift in Sources */ = {isa = PBXBuildFile; fileRef = 8E953D32205F3A380059105D /* AppDelegate.swift */; };
		8E953D35205F3A380059105D /* ViewController.swift in Sources */ = {isa = PBXBuildFile; fileRef = 8E953D34205F3A380059105D /* ViewController.swift */; };
		8E953D38205F3A380059105D /* Main.storyboard in Resources */ = {isa = PBXBuildFile; fileRef = 8E953D36205F3A380059105D /* Main.storyboard */; };
		8E953D3A205F3A380059105D /* Assets.xcassets in Resources */ = {isa = PBXBuildFile; fileRef = 8E953D39205F3A380059105D /* Assets.xcassets */; };
		8E953D3D205F3A380059105D /* LaunchScreen.storyboard in Resources */ = {isa = PBXBuildFile; fileRef = 8E953D3B205F3A380059105D /* LaunchScreen.storyboard */; };
		8E953D48205F3A380059105D /* PocketTests.swift in Sources */ = {isa = PBXBuildFile; fileRef = 8E953D47205F3A380059105D /* PocketTests.swift */; };
		C502070A208F9C1500E4BA49 /* PocketProtocol.swift in Sources */ = {isa = PBXBuildFile; fileRef = C5020709208F9C1500E4BA49 /* PocketProtocol.swift */; };
		C502070C208F9CA900E4BA49 /* Wallet.swift in Sources */ = {isa = PBXBuildFile; fileRef = C502070B208F9CA900E4BA49 /* Wallet.swift */; };
		C502070E208F9CB600E4BA49 /* Transaction.swift in Sources */ = {isa = PBXBuildFile; fileRef = C502070D208F9CB600E4BA49 /* Transaction.swift */; };
		C50207102090C4BA00E4BA49 /* Network.swift in Sources */ = {isa = PBXBuildFile; fileRef = C502070F2090C4BA00E4BA49 /* Network.swift */; };
/* End PBXBuildFile section */

/* Begin PBXContainerItemProxy section */
		8E953D44205F3A380059105D /* PBXContainerItemProxy */ = {
			isa = PBXContainerItemProxy;
			containerPortal = 8E953D27205F3A380059105D /* Project object */;
			proxyType = 1;
			remoteGlobalIDString = 8E953D2E205F3A380059105D;
			remoteInfo = Pocket;
		};
/* End PBXContainerItemProxy section */

/* Begin PBXFileReference section */
		0AEA15D00DF56776CC65075F /* Pods-Pocket.debug.xcconfig */ = {isa = PBXFileReference; includeInIndex = 1; lastKnownFileType = text.xcconfig; name = "Pods-Pocket.debug.xcconfig"; path = "Pods/Target Support Files/Pods-Pocket/Pods-Pocket.debug.xcconfig"; sourceTree = "<group>"; };
		196937FC96287DED1812BC45 /* Pods-PocketTests.release.xcconfig */ = {isa = PBXFileReference; includeInIndex = 1; lastKnownFileType = text.xcconfig; name = "Pods-PocketTests.release.xcconfig"; path = "Pods/Target Support Files/Pods-PocketTests/Pods-PocketTests.release.xcconfig"; sourceTree = "<group>"; };
		8E953D2F205F3A380059105D /* Pocket.app */ = {isa = PBXFileReference; explicitFileType = wrapper.application; includeInIndex = 0; path = Pocket.app; sourceTree = BUILT_PRODUCTS_DIR; };
		8E953D32205F3A380059105D /* AppDelegate.swift */ = {isa = PBXFileReference; lastKnownFileType = sourcecode.swift; path = AppDelegate.swift; sourceTree = "<group>"; };
		8E953D34205F3A380059105D /* ViewController.swift */ = {isa = PBXFileReference; lastKnownFileType = sourcecode.swift; path = ViewController.swift; sourceTree = "<group>"; };
		8E953D37205F3A380059105D /* Base */ = {isa = PBXFileReference; lastKnownFileType = file.storyboard; name = Base; path = Base.lproj/Main.storyboard; sourceTree = "<group>"; };
		8E953D39205F3A380059105D /* Assets.xcassets */ = {isa = PBXFileReference; lastKnownFileType = folder.assetcatalog; path = Assets.xcassets; sourceTree = "<group>"; };
		8E953D3C205F3A380059105D /* Base */ = {isa = PBXFileReference; lastKnownFileType = file.storyboard; name = Base; path = Base.lproj/LaunchScreen.storyboard; sourceTree = "<group>"; };
		8E953D3E205F3A380059105D /* Info.plist */ = {isa = PBXFileReference; lastKnownFileType = text.plist.xml; path = Info.plist; sourceTree = "<group>"; };
		8E953D43205F3A380059105D /* PocketTests.xctest */ = {isa = PBXFileReference; explicitFileType = wrapper.cfbundle; includeInIndex = 0; path = PocketTests.xctest; sourceTree = BUILT_PRODUCTS_DIR; };
		8E953D47205F3A380059105D /* PocketTests.swift */ = {isa = PBXFileReference; lastKnownFileType = sourcecode.swift; path = PocketTests.swift; sourceTree = "<group>"; };
		8E953D49205F3A380059105D /* Info.plist */ = {isa = PBXFileReference; lastKnownFileType = text.plist.xml; path = Info.plist; sourceTree = "<group>"; };
		90B20D18E98992031EE0EB1B /* Pods_Pocket.framework */ = {isa = PBXFileReference; explicitFileType = wrapper.framework; includeInIndex = 0; path = Pods_Pocket.framework; sourceTree = BUILT_PRODUCTS_DIR; };
		A3869C686E756937731434E0 /* Pods-Pocket.release.xcconfig */ = {isa = PBXFileReference; includeInIndex = 1; lastKnownFileType = text.xcconfig; name = "Pods-Pocket.release.xcconfig"; path = "Pods/Target Support Files/Pods-Pocket/Pods-Pocket.release.xcconfig"; sourceTree = "<group>"; };
		A443E34B9F3AA3389C66AAA3 /* Pods-PocketTests.debug.xcconfig */ = {isa = PBXFileReference; includeInIndex = 1; lastKnownFileType = text.xcconfig; name = "Pods-PocketTests.debug.xcconfig"; path = "Pods/Target Support Files/Pods-PocketTests/Pods-PocketTests.debug.xcconfig"; sourceTree = "<group>"; };
		C5020709208F9C1500E4BA49 /* PocketProtocol.swift */ = {isa = PBXFileReference; lastKnownFileType = sourcecode.swift; path = PocketProtocol.swift; sourceTree = "<group>"; };
		C502070B208F9CA900E4BA49 /* Wallet.swift */ = {isa = PBXFileReference; lastKnownFileType = sourcecode.swift; path = Wallet.swift; sourceTree = "<group>"; };
		C502070D208F9CB600E4BA49 /* Transaction.swift */ = {isa = PBXFileReference; lastKnownFileType = sourcecode.swift; path = Transaction.swift; sourceTree = "<group>"; };
		C502070F2090C4BA00E4BA49 /* Network.swift */ = {isa = PBXFileReference; lastKnownFileType = sourcecode.swift; path = Network.swift; sourceTree = "<group>"; };
		D5C17330B3488F4893FB9081 /* Pods_PocketTests.framework */ = {isa = PBXFileReference; explicitFileType = wrapper.framework; includeInIndex = 0; path = Pods_PocketTests.framework; sourceTree = BUILT_PRODUCTS_DIR; };
/* End PBXFileReference section */

/* Begin PBXFrameworksBuildPhase section */
		8E953D2C205F3A380059105D /* Frameworks */ = {
			isa = PBXFrameworksBuildPhase;
			buildActionMask = 2147483647;
			files = (
				32092E7FA3CC86BE39401079 /* Pods_Pocket.framework in Frameworks */,
			);
			runOnlyForDeploymentPostprocessing = 0;
		};
		8E953D40205F3A380059105D /* Frameworks */ = {
			isa = PBXFrameworksBuildPhase;
			buildActionMask = 2147483647;
			files = (
				1A940F0742F7CE3C18F00A93 /* Pods_PocketTests.framework in Frameworks */,
			);
			runOnlyForDeploymentPostprocessing = 0;
		};
/* End PBXFrameworksBuildPhase section */

/* Begin PBXGroup section */
		59CB73C7AC8779E8E276D0AD /* Pods */ = {
			isa = PBXGroup;
			children = (
				0AEA15D00DF56776CC65075F /* Pods-Pocket.debug.xcconfig */,
				A3869C686E756937731434E0 /* Pods-Pocket.release.xcconfig */,
				A443E34B9F3AA3389C66AAA3 /* Pods-PocketTests.debug.xcconfig */,
				196937FC96287DED1812BC45 /* Pods-PocketTests.release.xcconfig */,
			);
			name = Pods;
			sourceTree = "<group>";
		};
		8E953D26205F3A380059105D = {
			isa = PBXGroup;
			children = (
				8E953D31205F3A380059105D /* Pocket */,
				8E953D46205F3A380059105D /* PocketTests */,
				8E953D30205F3A380059105D /* Products */,
				59CB73C7AC8779E8E276D0AD /* Pods */,
				ED43583FA1EB10854515C7F5 /* Frameworks */,
			);
			sourceTree = "<group>";
		};
		8E953D30205F3A380059105D /* Products */ = {
			isa = PBXGroup;
			children = (
				8E953D2F205F3A380059105D /* Pocket.app */,
				8E953D43205F3A380059105D /* PocketTests.xctest */,
			);
			name = Products;
			sourceTree = "<group>";
		};
		8E953D31205F3A380059105D /* Pocket */ = {
			isa = PBXGroup;
			children = (
				8E953D52205F3C0A0059105D /* AppDelegate */,
				C5020707208F9BC700E4BA49 /* Models */,
				8EA0AC4320AB14AE006EE2D8 /* Protocols */,
				8E953D54205F3C1A0059105D /* Resources */,
				8E953D53205F3C140059105D /* Storyboards */,
				8E953D55205F3C210059105D /* ViewControllers */,
			);
			path = Pocket;
			sourceTree = "<group>";
		};
		8E953D46205F3A380059105D /* PocketTests */ = {
			isa = PBXGroup;
			children = (
				8E953D47205F3A380059105D /* PocketTests.swift */,
				8E953D49205F3A380059105D /* Info.plist */,
			);
			path = PocketTests;
			sourceTree = "<group>";
		};
		8E953D52205F3C0A0059105D /* AppDelegate */ = {
			isa = PBXGroup;
			children = (
				8E953D32205F3A380059105D /* AppDelegate.swift */,
			);
			path = AppDelegate;
			sourceTree = "<group>";
		};
		8E953D53205F3C140059105D /* Storyboards */ = {
			isa = PBXGroup;
			children = (
				8E953D36205F3A380059105D /* Main.storyboard */,
				8E953D3B205F3A380059105D /* LaunchScreen.storyboard */,
			);
			path = Storyboards;
			sourceTree = "<group>";
		};
		8E953D54205F3C1A0059105D /* Resources */ = {
			isa = PBXGroup;
			children = (
				8E953D39205F3A380059105D /* Assets.xcassets */,
				8E953D3E205F3A380059105D /* Info.plist */,
			);
			path = Resources;
			sourceTree = "<group>";
		};
		8E953D55205F3C210059105D /* ViewControllers */ = {
			isa = PBXGroup;
			children = (
				8E953D34205F3A380059105D /* ViewController.swift */,
			);
			path = ViewControllers;
			sourceTree = "<group>";
		};
		8EA0AC4320AB14AE006EE2D8 /* Protocols */ = {
			isa = PBXGroup;
			children = (
				C5020709208F9C1500E4BA49 /* PocketProtocol.swift */,
			);
			path = Protocols;
			sourceTree = "<group>";
		};
		C5020707208F9BC700E4BA49 /* Models */ = {
			isa = PBXGroup;
			children = (
				C502070D208F9CB600E4BA49 /* Transaction.swift */,
				C502070F2090C4BA00E4BA49 /* Network.swift */,
				C502070B208F9CA900E4BA49 /* Wallet.swift */,
			);
			path = Models;
			sourceTree = "<group>";
		};
		ED43583FA1EB10854515C7F5 /* Frameworks */ = {
			isa = PBXGroup;
			children = (
				90B20D18E98992031EE0EB1B /* Pods_Pocket.framework */,
				D5C17330B3488F4893FB9081 /* Pods_PocketTests.framework */,
			);
			name = Frameworks;
			sourceTree = "<group>";
		};
/* End PBXGroup section */

/* Begin PBXNativeTarget section */
		8E953D2E205F3A380059105D /* Pocket */ = {
			isa = PBXNativeTarget;
			buildConfigurationList = 8E953D4C205F3A380059105D /* Build configuration list for PBXNativeTarget "Pocket" */;
			buildPhases = (
				862CA2EC64BF8A20C09CAF3F /* [CP] Check Pods Manifest.lock */,
				8E953D2B205F3A380059105D /* Sources */,
				8E953D2C205F3A380059105D /* Frameworks */,
				8E953D2D205F3A380059105D /* Resources */,
				34F57C28AADC0FCC7DC3C633 /* [CP] Embed Pods Frameworks */,
				93AA874AAF40AAE5D22DFCFD /* [CP] Copy Pods Resources */,
			);
			buildRules = (
			);
			dependencies = (
			);
			name = Pocket;
			productName = Pocket;
			productReference = 8E953D2F205F3A380059105D /* Pocket.app */;
			productType = "com.apple.product-type.application";
		};
		8E953D42205F3A380059105D /* PocketTests */ = {
			isa = PBXNativeTarget;
			buildConfigurationList = 8E953D4F205F3A380059105D /* Build configuration list for PBXNativeTarget "PocketTests" */;
			buildPhases = (
				B032DB04E06C678181AD20AA /* [CP] Check Pods Manifest.lock */,
				8E953D3F205F3A380059105D /* Sources */,
				8E953D40205F3A380059105D /* Frameworks */,
				8E953D41205F3A380059105D /* Resources */,
				8936501E90642EAE31CFF066 /* [CP] Embed Pods Frameworks */,
				C61708E4EC897E5589F12941 /* [CP] Copy Pods Resources */,
			);
			buildRules = (
			);
			dependencies = (
				8E953D45205F3A380059105D /* PBXTargetDependency */,
			);
			name = PocketTests;
			productName = PocketTests;
			productReference = 8E953D43205F3A380059105D /* PocketTests.xctest */;
			productType = "com.apple.product-type.bundle.unit-test";
		};
/* End PBXNativeTarget section */

/* Begin PBXProject section */
		8E953D27205F3A380059105D /* Project object */ = {
			isa = PBXProject;
			attributes = {
				LastSwiftUpdateCheck = 0920;
				LastUpgradeCheck = 0930;
				ORGANIZATIONNAME = "Pocket Network";
				TargetAttributes = {
					8E953D2E205F3A380059105D = {
						CreatedOnToolsVersion = 9.2;
						ProvisioningStyle = Automatic;
					};
					8E953D42205F3A380059105D = {
						CreatedOnToolsVersion = 9.2;
						ProvisioningStyle = Automatic;
						TestTargetID = 8E953D2E205F3A380059105D;
					};
				};
			};
			buildConfigurationList = 8E953D2A205F3A380059105D /* Build configuration list for PBXProject "Pocket" */;
			compatibilityVersion = "Xcode 8.0";
			developmentRegion = en;
			hasScannedForEncodings = 0;
			knownRegions = (
				en,
				Base,
			);
			mainGroup = 8E953D26205F3A380059105D;
			productRefGroup = 8E953D30205F3A380059105D /* Products */;
			projectDirPath = "";
			projectRoot = "";
			targets = (
				8E953D2E205F3A380059105D /* Pocket */,
				8E953D42205F3A380059105D /* PocketTests */,
			);
		};
/* End PBXProject section */

/* Begin PBXResourcesBuildPhase section */
		8E953D2D205F3A380059105D /* Resources */ = {
			isa = PBXResourcesBuildPhase;
			buildActionMask = 2147483647;
			files = (
				8E953D3D205F3A380059105D /* LaunchScreen.storyboard in Resources */,
				8E953D3A205F3A380059105D /* Assets.xcassets in Resources */,
				8E953D38205F3A380059105D /* Main.storyboard in Resources */,
			);
			runOnlyForDeploymentPostprocessing = 0;
		};
		8E953D41205F3A380059105D /* Resources */ = {
			isa = PBXResourcesBuildPhase;
			buildActionMask = 2147483647;
			files = (
			);
			runOnlyForDeploymentPostprocessing = 0;
		};
/* End PBXResourcesBuildPhase section */

/* Begin PBXShellScriptBuildPhase section */
		34F57C28AADC0FCC7DC3C633 /* [CP] Embed Pods Frameworks */ = {
			isa = PBXShellScriptBuildPhase;
			buildActionMask = 2147483647;
			files = (
			);
			inputPaths = (
				"${SRCROOT}/Pods/Target Support Files/Pods-Pocket/Pods-Pocket-frameworks.sh",
				"${BUILT_PRODUCTS_DIR}/Pocket/Pocket.framework",
			);
			name = "[CP] Embed Pods Frameworks";
			outputPaths = (
				"${TARGET_BUILD_DIR}/${FRAMEWORKS_FOLDER_PATH}/Pocket.framework",
			);
			runOnlyForDeploymentPostprocessing = 0;
			shellPath = /bin/sh;
			shellScript = "\"${SRCROOT}/Pods/Target Support Files/Pods-Pocket/Pods-Pocket-frameworks.sh\"\n";
			showEnvVarsInLog = 0;
		};
		862CA2EC64BF8A20C09CAF3F /* [CP] Check Pods Manifest.lock */ = {
			isa = PBXShellScriptBuildPhase;
			buildActionMask = 2147483647;
			files = (
			);
			inputPaths = (
				"${PODS_PODFILE_DIR_PATH}/Podfile.lock",
				"${PODS_ROOT}/Manifest.lock",
			);
			name = "[CP] Check Pods Manifest.lock";
			outputPaths = (
				"$(DERIVED_FILE_DIR)/Pods-Pocket-checkManifestLockResult.txt",
			);
			runOnlyForDeploymentPostprocessing = 0;
			shellPath = /bin/sh;
			shellScript = "diff \"${PODS_PODFILE_DIR_PATH}/Podfile.lock\" \"${PODS_ROOT}/Manifest.lock\" > /dev/null\nif [ $? != 0 ] ; then\n    # print error to STDERR\n    echo \"error: The sandbox is not in sync with the Podfile.lock. Run 'pod install' or update your CocoaPods installation.\" >&2\n    exit 1\nfi\n# This output is used by Xcode 'outputs' to avoid re-running this script phase.\necho \"SUCCESS\" > \"${SCRIPT_OUTPUT_FILE_0}\"\n";
			showEnvVarsInLog = 0;
		};
		8936501E90642EAE31CFF066 /* [CP] Embed Pods Frameworks */ = {
			isa = PBXShellScriptBuildPhase;
			buildActionMask = 2147483647;
			files = (
			);
			inputPaths = (
			);
			name = "[CP] Embed Pods Frameworks";
			outputPaths = (
			);
			runOnlyForDeploymentPostprocessing = 0;
			shellPath = /bin/sh;
			shellScript = "\"${SRCROOT}/Pods/Target Support Files/Pods-PocketTests/Pods-PocketTests-frameworks.sh\"\n";
			showEnvVarsInLog = 0;
		};
		93AA874AAF40AAE5D22DFCFD /* [CP] Copy Pods Resources */ = {
			isa = PBXShellScriptBuildPhase;
			buildActionMask = 2147483647;
			files = (
			);
			inputPaths = (
			);
			name = "[CP] Copy Pods Resources";
			outputPaths = (
			);
			runOnlyForDeploymentPostprocessing = 0;
			shellPath = /bin/sh;
			shellScript = "\"${SRCROOT}/Pods/Target Support Files/Pods-Pocket/Pods-Pocket-resources.sh\"\n";
			showEnvVarsInLog = 0;
		};
		B032DB04E06C678181AD20AA /* [CP] Check Pods Manifest.lock */ = {
			isa = PBXShellScriptBuildPhase;
			buildActionMask = 2147483647;
			files = (
			);
			inputPaths = (
				"${PODS_PODFILE_DIR_PATH}/Podfile.lock",
				"${PODS_ROOT}/Manifest.lock",
			);
			name = "[CP] Check Pods Manifest.lock";
			outputPaths = (
				"$(DERIVED_FILE_DIR)/Pods-PocketTests-checkManifestLockResult.txt",
			);
			runOnlyForDeploymentPostprocessing = 0;
			shellPath = /bin/sh;
			shellScript = "diff \"${PODS_PODFILE_DIR_PATH}/Podfile.lock\" \"${PODS_ROOT}/Manifest.lock\" > /dev/null\nif [ $? != 0 ] ; then\n    # print error to STDERR\n    echo \"error: The sandbox is not in sync with the Podfile.lock. Run 'pod install' or update your CocoaPods installation.\" >&2\n    exit 1\nfi\n# This output is used by Xcode 'outputs' to avoid re-running this script phase.\necho \"SUCCESS\" > \"${SCRIPT_OUTPUT_FILE_0}\"\n";
			showEnvVarsInLog = 0;
		};
		C61708E4EC897E5589F12941 /* [CP] Copy Pods Resources */ = {
			isa = PBXShellScriptBuildPhase;
			buildActionMask = 2147483647;
			files = (
			);
			inputPaths = (
			);
			name = "[CP] Copy Pods Resources";
			outputPaths = (
			);
			runOnlyForDeploymentPostprocessing = 0;
			shellPath = /bin/sh;
			shellScript = "\"${SRCROOT}/Pods/Target Support Files/Pods-PocketTests/Pods-PocketTests-resources.sh\"\n";
			showEnvVarsInLog = 0;
		};
/* End PBXShellScriptBuildPhase section */

/* Begin PBXSourcesBuildPhase section */
		8E953D2B205F3A380059105D /* Sources */ = {
			isa = PBXSourcesBuildPhase;
			buildActionMask = 2147483647;
			files = (
				C502070C208F9CA900E4BA49 /* Wallet.swift in Sources */,
				C502070A208F9C1500E4BA49 /* PocketProtocol.swift in Sources */,
				C50207102090C4BA00E4BA49 /* Network.swift in Sources */,
				8E953D35205F3A380059105D /* ViewController.swift in Sources */,
				8E953D33205F3A380059105D /* AppDelegate.swift in Sources */,
				C502070E208F9CB600E4BA49 /* Transaction.swift in Sources */,
			);
			runOnlyForDeploymentPostprocessing = 0;
		};
		8E953D3F205F3A380059105D /* Sources */ = {
			isa = PBXSourcesBuildPhase;
			buildActionMask = 2147483647;
			files = (
				8E953D48205F3A380059105D /* PocketTests.swift in Sources */,
			);
			runOnlyForDeploymentPostprocessing = 0;
		};
/* End PBXSourcesBuildPhase section */

/* Begin PBXTargetDependency section */
		8E953D45205F3A380059105D /* PBXTargetDependency */ = {
			isa = PBXTargetDependency;
			target = 8E953D2E205F3A380059105D /* Pocket */;
			targetProxy = 8E953D44205F3A380059105D /* PBXContainerItemProxy */;
		};
/* End PBXTargetDependency section */

/* Begin PBXVariantGroup section */
		8E953D36205F3A380059105D /* Main.storyboard */ = {
			isa = PBXVariantGroup;
			children = (
				8E953D37205F3A380059105D /* Base */,
			);
			name = Main.storyboard;
			sourceTree = "<group>";
		};
		8E953D3B205F3A380059105D /* LaunchScreen.storyboard */ = {
			isa = PBXVariantGroup;
			children = (
				8E953D3C205F3A380059105D /* Base */,
			);
			name = LaunchScreen.storyboard;
			sourceTree = "<group>";
		};
/* End PBXVariantGroup section */

/* Begin XCBuildConfiguration section */
		8E953D4A205F3A380059105D /* Debug */ = {
			isa = XCBuildConfiguration;
			buildSettings = {
				ALWAYS_SEARCH_USER_PATHS = NO;
				CLANG_ANALYZER_NONNULL = YES;
				CLANG_ANALYZER_NUMBER_OBJECT_CONVERSION = YES_AGGRESSIVE;
				CLANG_CXX_LANGUAGE_STANDARD = "gnu++14";
				CLANG_CXX_LIBRARY = "libc++";
				CLANG_ENABLE_MODULES = YES;
				CLANG_ENABLE_OBJC_ARC = YES;
				CLANG_WARN_BLOCK_CAPTURE_AUTORELEASING = YES;
				CLANG_WARN_BOOL_CONVERSION = YES;
				CLANG_WARN_COMMA = YES;
				CLANG_WARN_CONSTANT_CONVERSION = YES;
				CLANG_WARN_DEPRECATED_OBJC_IMPLEMENTATIONS = YES;
				CLANG_WARN_DIRECT_OBJC_ISA_USAGE = YES_ERROR;
				CLANG_WARN_DOCUMENTATION_COMMENTS = YES;
				CLANG_WARN_EMPTY_BODY = YES;
				CLANG_WARN_ENUM_CONVERSION = YES;
				CLANG_WARN_INFINITE_RECURSION = YES;
				CLANG_WARN_INT_CONVERSION = YES;
				CLANG_WARN_NON_LITERAL_NULL_CONVERSION = YES;
				CLANG_WARN_OBJC_IMPLICIT_RETAIN_SELF = YES;
				CLANG_WARN_OBJC_LITERAL_CONVERSION = YES;
				CLANG_WARN_OBJC_ROOT_CLASS = YES_ERROR;
				CLANG_WARN_RANGE_LOOP_ANALYSIS = YES;
				CLANG_WARN_STRICT_PROTOTYPES = YES;
				CLANG_WARN_SUSPICIOUS_MOVE = YES;
				CLANG_WARN_UNGUARDED_AVAILABILITY = YES_AGGRESSIVE;
				CLANG_WARN_UNREACHABLE_CODE = YES;
				CLANG_WARN__DUPLICATE_METHOD_MATCH = YES;
				CODE_SIGN_IDENTITY = "iPhone Developer";
				COPY_PHASE_STRIP = NO;
				DEBUG_INFORMATION_FORMAT = dwarf;
				ENABLE_STRICT_OBJC_MSGSEND = YES;
				ENABLE_TESTABILITY = YES;
				GCC_C_LANGUAGE_STANDARD = gnu11;
				GCC_DYNAMIC_NO_PIC = NO;
				GCC_NO_COMMON_BLOCKS = YES;
				GCC_OPTIMIZATION_LEVEL = 0;
				GCC_PREPROCESSOR_DEFINITIONS = (
					"DEBUG=1",
					"$(inherited)",
				);
				GCC_WARN_64_TO_32_BIT_CONVERSION = YES;
				GCC_WARN_ABOUT_RETURN_TYPE = YES_ERROR;
				GCC_WARN_UNDECLARED_SELECTOR = YES;
				GCC_WARN_UNINITIALIZED_AUTOS = YES_AGGRESSIVE;
				GCC_WARN_UNUSED_FUNCTION = YES;
				GCC_WARN_UNUSED_VARIABLE = YES;
				IPHONEOS_DEPLOYMENT_TARGET = 11.2;
				MTL_ENABLE_DEBUG_INFO = YES;
				ONLY_ACTIVE_ARCH = YES;
				SDKROOT = iphoneos;
				SWIFT_ACTIVE_COMPILATION_CONDITIONS = DEBUG;
				SWIFT_OPTIMIZATION_LEVEL = "-Onone";
			};
			name = Debug;
		};
		8E953D4B205F3A380059105D /* Release */ = {
			isa = XCBuildConfiguration;
			buildSettings = {
				ALWAYS_SEARCH_USER_PATHS = NO;
				CLANG_ANALYZER_NONNULL = YES;
				CLANG_ANALYZER_NUMBER_OBJECT_CONVERSION = YES_AGGRESSIVE;
				CLANG_CXX_LANGUAGE_STANDARD = "gnu++14";
				CLANG_CXX_LIBRARY = "libc++";
				CLANG_ENABLE_MODULES = YES;
				CLANG_ENABLE_OBJC_ARC = YES;
				CLANG_WARN_BLOCK_CAPTURE_AUTORELEASING = YES;
				CLANG_WARN_BOOL_CONVERSION = YES;
				CLANG_WARN_COMMA = YES;
				CLANG_WARN_CONSTANT_CONVERSION = YES;
				CLANG_WARN_DEPRECATED_OBJC_IMPLEMENTATIONS = YES;
				CLANG_WARN_DIRECT_OBJC_ISA_USAGE = YES_ERROR;
				CLANG_WARN_DOCUMENTATION_COMMENTS = YES;
				CLANG_WARN_EMPTY_BODY = YES;
				CLANG_WARN_ENUM_CONVERSION = YES;
				CLANG_WARN_INFINITE_RECURSION = YES;
				CLANG_WARN_INT_CONVERSION = YES;
				CLANG_WARN_NON_LITERAL_NULL_CONVERSION = YES;
				CLANG_WARN_OBJC_IMPLICIT_RETAIN_SELF = YES;
				CLANG_WARN_OBJC_LITERAL_CONVERSION = YES;
				CLANG_WARN_OBJC_ROOT_CLASS = YES_ERROR;
				CLANG_WARN_RANGE_LOOP_ANALYSIS = YES;
				CLANG_WARN_STRICT_PROTOTYPES = YES;
				CLANG_WARN_SUSPICIOUS_MOVE = YES;
				CLANG_WARN_UNGUARDED_AVAILABILITY = YES_AGGRESSIVE;
				CLANG_WARN_UNREACHABLE_CODE = YES;
				CLANG_WARN__DUPLICATE_METHOD_MATCH = YES;
				CODE_SIGN_IDENTITY = "iPhone Developer";
				COPY_PHASE_STRIP = NO;
				DEBUG_INFORMATION_FORMAT = "dwarf-with-dsym";
				ENABLE_NS_ASSERTIONS = NO;
				ENABLE_STRICT_OBJC_MSGSEND = YES;
				GCC_C_LANGUAGE_STANDARD = gnu11;
				GCC_NO_COMMON_BLOCKS = YES;
				GCC_WARN_64_TO_32_BIT_CONVERSION = YES;
				GCC_WARN_ABOUT_RETURN_TYPE = YES_ERROR;
				GCC_WARN_UNDECLARED_SELECTOR = YES;
				GCC_WARN_UNINITIALIZED_AUTOS = YES_AGGRESSIVE;
				GCC_WARN_UNUSED_FUNCTION = YES;
				GCC_WARN_UNUSED_VARIABLE = YES;
				IPHONEOS_DEPLOYMENT_TARGET = 11.2;
				MTL_ENABLE_DEBUG_INFO = NO;
				SDKROOT = iphoneos;
				SWIFT_OPTIMIZATION_LEVEL = "-Owholemodule";
				VALIDATE_PRODUCT = YES;
			};
			name = Release;
		};
		8E953D4D205F3A380059105D /* Debug */ = {
			isa = XCBuildConfiguration;
			baseConfigurationReference = 0AEA15D00DF56776CC65075F /* Pods-Pocket.debug.xcconfig */;
			buildSettings = {
				ASSETCATALOG_COMPILER_APPICON_NAME = AppIcon;
				CODE_SIGN_STYLE = Automatic;
				DEVELOPMENT_TEAM = HT94948NDD;
				INFOPLIST_FILE = "$(SRCROOT)/Pocket/Resources/Info.plist";
				LD_RUNPATH_SEARCH_PATHS = "$(inherited) @executable_path/Frameworks";
				PRODUCT_BUNDLE_IDENTIFIER = network.pokt.Pocket;
				PRODUCT_NAME = "$(TARGET_NAME)";
				SWIFT_VERSION = 4.0;
				TARGETED_DEVICE_FAMILY = "1,2";
			};
			name = Debug;
		};
		8E953D4E205F3A380059105D /* Release */ = {
			isa = XCBuildConfiguration;
			baseConfigurationReference = A3869C686E756937731434E0 /* Pods-Pocket.release.xcconfig */;
			buildSettings = {
				ASSETCATALOG_COMPILER_APPICON_NAME = AppIcon;
				CODE_SIGN_STYLE = Automatic;
				DEVELOPMENT_TEAM = HT94948NDD;
				INFOPLIST_FILE = "$(SRCROOT)/Pocket/Resources/Info.plist";
				LD_RUNPATH_SEARCH_PATHS = "$(inherited) @executable_path/Frameworks";
				PRODUCT_BUNDLE_IDENTIFIER = network.pokt.Pocket;
				PRODUCT_NAME = "$(TARGET_NAME)";
				SWIFT_VERSION = 4.0;
				TARGETED_DEVICE_FAMILY = "1,2";
			};
			name = Release;
		};
		8E953D50205F3A380059105D /* Debug */ = {
			isa = XCBuildConfiguration;
			baseConfigurationReference = A443E34B9F3AA3389C66AAA3 /* Pods-PocketTests.debug.xcconfig */;
			buildSettings = {
				ALWAYS_EMBED_SWIFT_STANDARD_LIBRARIES = YES;
				BUNDLE_LOADER = "$(TEST_HOST)";
				CODE_SIGN_STYLE = Automatic;
				DEVELOPMENT_TEAM = HT94948NDD;
				INFOPLIST_FILE = PocketTests/Info.plist;
				LD_RUNPATH_SEARCH_PATHS = "$(inherited) @executable_path/Frameworks @loader_path/Frameworks";
				PRODUCT_BUNDLE_IDENTIFIER = network.pokt.PocketTests;
				PRODUCT_NAME = "$(TARGET_NAME)";
				SWIFT_VERSION = 4.0;
				TARGETED_DEVICE_FAMILY = "1,2";
				TEST_HOST = "$(BUILT_PRODUCTS_DIR)/Pocket.app/Pocket";
			};
			name = Debug;
		};
		8E953D51205F3A380059105D /* Release */ = {
			isa = XCBuildConfiguration;
			baseConfigurationReference = 196937FC96287DED1812BC45 /* Pods-PocketTests.release.xcconfig */;
			buildSettings = {
				ALWAYS_EMBED_SWIFT_STANDARD_LIBRARIES = YES;
				BUNDLE_LOADER = "$(TEST_HOST)";
				CODE_SIGN_STYLE = Automatic;
				DEVELOPMENT_TEAM = HT94948NDD;
				INFOPLIST_FILE = PocketTests/Info.plist;
				LD_RUNPATH_SEARCH_PATHS = "$(inherited) @executable_path/Frameworks @loader_path/Frameworks";
				PRODUCT_BUNDLE_IDENTIFIER = network.pokt.PocketTests;
				PRODUCT_NAME = "$(TARGET_NAME)";
				SWIFT_VERSION = 4.0;
				TARGETED_DEVICE_FAMILY = "1,2";
				TEST_HOST = "$(BUILT_PRODUCTS_DIR)/Pocket.app/Pocket";
			};
			name = Release;
		};
/* End XCBuildConfiguration section */

/* Begin XCConfigurationList section */
		8E953D2A205F3A380059105D /* Build configuration list for PBXProject "Pocket" */ = {
			isa = XCConfigurationList;
			buildConfigurations = (
				8E953D4A205F3A380059105D /* Debug */,
				8E953D4B205F3A380059105D /* Release */,
			);
			defaultConfigurationIsVisible = 0;
			defaultConfigurationName = Release;
		};
		8E953D4C205F3A380059105D /* Build configuration list for PBXNativeTarget "Pocket" */ = {
			isa = XCConfigurationList;
			buildConfigurations = (
				8E953D4D205F3A380059105D /* Debug */,
				8E953D4E205F3A380059105D /* Release */,
			);
			defaultConfigurationIsVisible = 0;
			defaultConfigurationName = Release;
		};
		8E953D4F205F3A380059105D /* Build configuration list for PBXNativeTarget "PocketTests" */ = {
			isa = XCConfigurationList;
			buildConfigurations = (
				8E953D50205F3A380059105D /* Debug */,
				8E953D51205F3A380059105D /* Release */,
			);
			defaultConfigurationIsVisible = 0;
			defaultConfigurationName = Release;
		};
/* End XCConfigurationList section */
	};
	rootObject = 8E953D27205F3A380059105D /* Project object */;
}
