// !$*UTF8*$!
{
	archiveVersion = 1;
	classes = {
	};
	objectVersion = 50;
	objects = {

/* Begin PBXBuildFile section */
		65F6EC52EDF27B82566BBD99 /* Pods_PocketTests.framework in Frameworks */ = {isa = PBXBuildFile; fileRef = 16CCDC11FEAB39C6CB33B110 /* Pods_PocketTests.framework */; };
		786C26002AA40564840B0F2E /* Pods_PocketUITests.framework in Frameworks */ = {isa = PBXBuildFile; fileRef = 43CB0FE20274E3117351FBF3 /* Pods_PocketUITests.framework */; };
		C52B9BF120C1B70B00859E81 /* Podfile in Resources */ = {isa = PBXBuildFile; fileRef = C52B9BF020C1B70B00859E81 /* Podfile */; };
		C539AF9820C1B161001CDC09 /* AppDelegate.swift in Sources */ = {isa = PBXBuildFile; fileRef = C539AF9720C1B161001CDC09 /* AppDelegate.swift */; };
		C539AFAD20C1B162001CDC09 /* PocketTests.swift in Sources */ = {isa = PBXBuildFile; fileRef = C539AFAC20C1B162001CDC09 /* PocketTests.swift */; };
		C539AFB820C1B162001CDC09 /* PocketUITests.swift in Sources */ = {isa = PBXBuildFile; fileRef = C539AFB720C1B162001CDC09 /* PocketUITests.swift */; };
		C539B00220C1B2F0001CDC09 /* ARAnnotation.swift in Sources */ = {isa = PBXBuildFile; fileRef = C539AFD320C1B2F0001CDC09 /* ARAnnotation.swift */; };
		C539B00320C1B2F0001CDC09 /* ARTrackingManager.swift in Sources */ = {isa = PBXBuildFile; fileRef = C539AFD420C1B2F0001CDC09 /* ARTrackingManager.swift */; };
		C539B00420C1B2F0001CDC09 /* ARAnnotationView.swift in Sources */ = {isa = PBXBuildFile; fileRef = C539AFD520C1B2F0001CDC09 /* ARAnnotationView.swift */; };
		C539B00520C1B2F0001CDC09 /* ARConfiguration.swift in Sources */ = {isa = PBXBuildFile; fileRef = C539AFD620C1B2F0001CDC09 /* ARConfiguration.swift */; };
		C539B00620C1B2F0001CDC09 /* ARViewController.swift in Sources */ = {isa = PBXBuildFile; fileRef = C539AFD720C1B2F0001CDC09 /* ARViewController.swift */; };
		C539B00720C1B2F0001CDC09 /* DebugMapViewController.swift in Sources */ = {isa = PBXBuildFile; fileRef = C539AFD920C1B2F0001CDC09 /* DebugMapViewController.swift */; };
		C539B00820C1B2F0001CDC09 /* hdar_close@3x.png in Resources */ = {isa = PBXBuildFile; fileRef = C539AFDB20C1B2F0001CDC09 /* hdar_close@3x.png */; };
		C539B00920C1B2F0001CDC09 /* hdar_close@2x.png in Resources */ = {isa = PBXBuildFile; fileRef = C539AFDC20C1B2F0001CDC09 /* hdar_close@2x.png */; };
		C539B00A20C1B2F0001CDC09 /* ARBananaScene.scn in Resources */ = {isa = PBXBuildFile; fileRef = C539AFDD20C1B2F0001CDC09 /* ARBananaScene.scn */; };
		C539B00B20C1B2F0001CDC09 /* DebugMapViewController.xib in Resources */ = {isa = PBXBuildFile; fileRef = C539AFDE20C1B2F0001CDC09 /* DebugMapViewController.xib */; };
		C539B00C20C1B2F0001CDC09 /* banana.dae in Resources */ = {isa = PBXBuildFile; fileRef = C539AFDF20C1B2F0001CDC09 /* banana.dae */; };
		C539B00D20C1B2F0001CDC09 /* hdar_close.png in Resources */ = {isa = PBXBuildFile; fileRef = C539AFE020C1B2F0001CDC09 /* hdar_close.png */; };
		C539B00E20C1B2F0001CDC09 /* Quest.swift in Sources */ = {isa = PBXBuildFile; fileRef = C539AFE220C1B2F0001CDC09 /* Quest.swift */; };
		C539B00F20C1B2F0001CDC09 /* Keystore.swift in Sources */ = {isa = PBXBuildFile; fileRef = C539AFE320C1B2F0001CDC09 /* Keystore.swift */; };
		C539B01020C1B2F0001CDC09 /* Network.swift in Sources */ = {isa = PBXBuildFile; fileRef = C539AFE420C1B2F0001CDC09 /* Network.swift */; };
		C539B01120C1B2F0001CDC09 /* Transaction.swift in Sources */ = {isa = PBXBuildFile; fileRef = C539AFE520C1B2F0001CDC09 /* Transaction.swift */; };
		C539B01220C1B2F0001CDC09 /* Wallet.swift in Sources */ = {isa = PBXBuildFile; fileRef = C539AFE620C1B2F0001CDC09 /* Wallet.swift */; };
		C539B01320C1B2F0001CDC09 /* Assets.xcassets in Resources */ = {isa = PBXBuildFile; fileRef = C539AFE820C1B2F0001CDC09 /* Assets.xcassets */; };
		C539B01420C1B2F0001CDC09 /* PlayerMapViewController.swift in Sources */ = {isa = PBXBuildFile; fileRef = C539AFEB20C1B2F0001CDC09 /* PlayerMapViewController.swift */; };
		C539B01520C1B2F0001CDC09 /* ChooseQuestViewController.swift in Sources */ = {isa = PBXBuildFile; fileRef = C539AFEC20C1B2F0001CDC09 /* ChooseQuestViewController.swift */; };
		C539B01620C1B2F0001CDC09 /* AnnotationView.swift in Sources */ = {isa = PBXBuildFile; fileRef = C539AFED20C1B2F0001CDC09 /* AnnotationView.swift */; };
		C539B01720C1B2F0001CDC09 /* CreateQuestViewController.swift in Sources */ = {isa = PBXBuildFile; fileRef = C539AFEF20C1B2F0001CDC09 /* CreateQuestViewController.swift */; };
		C539B01820C1B2F0001CDC09 /* ChooseCoordinatesViewController.swift in Sources */ = {isa = PBXBuildFile; fileRef = C539AFF020C1B2F0001CDC09 /* ChooseCoordinatesViewController.swift */; };
		C539B01920C1B2F0001CDC09 /* ViewController.swift in Sources */ = {isa = PBXBuildFile; fileRef = C539AFF220C1B2F0001CDC09 /* ViewController.swift */; };
		C539B01A20C1B2F0001CDC09 /* WelcomeViewController.swift in Sources */ = {isa = PBXBuildFile; fileRef = C539AFF320C1B2F0001CDC09 /* WelcomeViewController.swift */; };
		C539B01B20C1B2F0001CDC09 /* ChooseViewController.swift in Sources */ = {isa = PBXBuildFile; fileRef = C539AFF420C1B2F0001CDC09 /* ChooseViewController.swift */; };
		C539B01C20C1B2F0001CDC09 /* AccountViewController.swift in Sources */ = {isa = PBXBuildFile; fileRef = C539AFF520C1B2F0001CDC09 /* AccountViewController.swift */; };
		C539B01D20C1B2F0001CDC09 /* Networking.swift in Sources */ = {isa = PBXBuildFile; fileRef = C539AFF720C1B2F0001CDC09 /* Networking.swift */; };
		C539B01E20C1B2F0001CDC09 /* PocketProtocol.swift in Sources */ = {isa = PBXBuildFile; fileRef = C539AFF820C1B2F0001CDC09 /* PocketProtocol.swift */; };
		C539B01F20C1B2F0001CDC09 /* ChooseQuestTableViewCell.swift in Sources */ = {isa = PBXBuildFile; fileRef = C539AFFA20C1B2F0001CDC09 /* ChooseQuestTableViewCell.swift */; };
		C539B02020C1B2F0001CDC09 /* CompleteQuest.storyboard in Resources */ = {isa = PBXBuildFile; fileRef = C539AFFC20C1B2F0001CDC09 /* CompleteQuest.storyboard */; };
		C539B02120C1B2F0001CDC09 /* LaunchScreen.storyboard in Resources */ = {isa = PBXBuildFile; fileRef = C539AFFD20C1B2F0001CDC09 /* LaunchScreen.storyboard */; };
		C539B02220C1B2F0001CDC09 /* Main.storyboard in Resources */ = {isa = PBXBuildFile; fileRef = C539AFFF20C1B2F0001CDC09 /* Main.storyboard */; };
		C539B02320C1B2F0001CDC09 /* CreateQuest.storyboard in Resources */ = {isa = PBXBuildFile; fileRef = C539B00120C1B2F0001CDC09 /* CreateQuest.storyboard */; };
/* End PBXBuildFile section */

/* Begin PBXContainerItemProxy section */
		C539AFA920C1B162001CDC09 /* PBXContainerItemProxy */ = {
			isa = PBXContainerItemProxy;
			containerPortal = C539AF8C20C1B161001CDC09 /* Project object */;
			proxyType = 1;
			remoteGlobalIDString = C539AF9320C1B161001CDC09;
			remoteInfo = Pocket;
		};
		C539AFB420C1B162001CDC09 /* PBXContainerItemProxy */ = {
			isa = PBXContainerItemProxy;
			containerPortal = C539AF8C20C1B161001CDC09 /* Project object */;
			proxyType = 1;
			remoteGlobalIDString = C539AF9320C1B161001CDC09;
			remoteInfo = Pocket;
		};
/* End PBXContainerItemProxy section */

/* Begin PBXFileReference section */
		00CCE8796E17526AD6B0F889 /* Pods-PocketUITests.release.xcconfig */ = {isa = PBXFileReference; includeInIndex = 1; lastKnownFileType = text.xcconfig; name = "Pods-PocketUITests.release.xcconfig"; path = "Pods/Target Support Files/Pods-PocketUITests/Pods-PocketUITests.release.xcconfig"; sourceTree = "<group>"; };
		0D8BBDC58CCAA909575E6BA2 /* Pods-PocketTests.release.xcconfig */ = {isa = PBXFileReference; includeInIndex = 1; lastKnownFileType = text.xcconfig; name = "Pods-PocketTests.release.xcconfig"; path = "Pods/Target Support Files/Pods-PocketTests/Pods-PocketTests.release.xcconfig"; sourceTree = "<group>"; };
		16CCDC11FEAB39C6CB33B110 /* Pods_PocketTests.framework */ = {isa = PBXFileReference; explicitFileType = wrapper.framework; includeInIndex = 0; path = Pods_PocketTests.framework; sourceTree = BUILT_PRODUCTS_DIR; };
		3F4A5138210C6EE4322A6060 /* Pods_Pocket.framework */ = {isa = PBXFileReference; explicitFileType = wrapper.framework; includeInIndex = 0; path = Pods_Pocket.framework; sourceTree = BUILT_PRODUCTS_DIR; };
		43CB0FE20274E3117351FBF3 /* Pods_PocketUITests.framework */ = {isa = PBXFileReference; explicitFileType = wrapper.framework; includeInIndex = 0; path = Pods_PocketUITests.framework; sourceTree = BUILT_PRODUCTS_DIR; };
		63F9416FA0497F709B6F9379 /* Pods-PocketUITests.debug.xcconfig */ = {isa = PBXFileReference; includeInIndex = 1; lastKnownFileType = text.xcconfig; name = "Pods-PocketUITests.debug.xcconfig"; path = "Pods/Target Support Files/Pods-PocketUITests/Pods-PocketUITests.debug.xcconfig"; sourceTree = "<group>"; };
		7C710B87F6A77C66121E6E46 /* Pods-Pocket.debug.xcconfig */ = {isa = PBXFileReference; includeInIndex = 1; lastKnownFileType = text.xcconfig; name = "Pods-Pocket.debug.xcconfig"; path = "Pods/Target Support Files/Pods-Pocket/Pods-Pocket.debug.xcconfig"; sourceTree = "<group>"; };
		C230409A0BE741438C7BFB52 /* Pods-PocketTests.debug.xcconfig */ = {isa = PBXFileReference; includeInIndex = 1; lastKnownFileType = text.xcconfig; name = "Pods-PocketTests.debug.xcconfig"; path = "Pods/Target Support Files/Pods-PocketTests/Pods-PocketTests.debug.xcconfig"; sourceTree = "<group>"; };
		C52B9BF020C1B70B00859E81 /* Podfile */ = {isa = PBXFileReference; fileEncoding = 4; lastKnownFileType = text; path = Podfile; sourceTree = "<group>"; };
		C539AF9420C1B161001CDC09 /* Pocket.app */ = {isa = PBXFileReference; explicitFileType = wrapper.application; includeInIndex = 0; path = Pocket.app; sourceTree = BUILT_PRODUCTS_DIR; };
		C539AF9720C1B161001CDC09 /* AppDelegate.swift */ = {isa = PBXFileReference; lastKnownFileType = sourcecode.swift; path = AppDelegate.swift; sourceTree = "<group>"; };
		C539AFA320C1B162001CDC09 /* Info.plist */ = {isa = PBXFileReference; lastKnownFileType = text.plist.xml; path = Info.plist; sourceTree = "<group>"; };
		C539AFA820C1B162001CDC09 /* PocketTests.xctest */ = {isa = PBXFileReference; explicitFileType = wrapper.cfbundle; includeInIndex = 0; path = PocketTests.xctest; sourceTree = BUILT_PRODUCTS_DIR; };
		C539AFAC20C1B162001CDC09 /* PocketTests.swift */ = {isa = PBXFileReference; lastKnownFileType = sourcecode.swift; path = PocketTests.swift; sourceTree = "<group>"; };
		C539AFAE20C1B162001CDC09 /* Info.plist */ = {isa = PBXFileReference; lastKnownFileType = text.plist.xml; path = Info.plist; sourceTree = "<group>"; };
		C539AFB320C1B162001CDC09 /* PocketUITests.xctest */ = {isa = PBXFileReference; explicitFileType = wrapper.cfbundle; includeInIndex = 0; path = PocketUITests.xctest; sourceTree = BUILT_PRODUCTS_DIR; };
		C539AFB720C1B162001CDC09 /* PocketUITests.swift */ = {isa = PBXFileReference; lastKnownFileType = sourcecode.swift; path = PocketUITests.swift; sourceTree = "<group>"; };
		C539AFB920C1B162001CDC09 /* Info.plist */ = {isa = PBXFileReference; lastKnownFileType = text.plist.xml; path = Info.plist; sourceTree = "<group>"; };
		C539AFD320C1B2F0001CDC09 /* ARAnnotation.swift */ = {isa = PBXFileReference; fileEncoding = 4; lastKnownFileType = sourcecode.swift; path = ARAnnotation.swift; sourceTree = "<group>"; };
		C539AFD420C1B2F0001CDC09 /* ARTrackingManager.swift */ = {isa = PBXFileReference; fileEncoding = 4; lastKnownFileType = sourcecode.swift; path = ARTrackingManager.swift; sourceTree = "<group>"; };
		C539AFD520C1B2F0001CDC09 /* ARAnnotationView.swift */ = {isa = PBXFileReference; fileEncoding = 4; lastKnownFileType = sourcecode.swift; path = ARAnnotationView.swift; sourceTree = "<group>"; };
		C539AFD620C1B2F0001CDC09 /* ARConfiguration.swift */ = {isa = PBXFileReference; fileEncoding = 4; lastKnownFileType = sourcecode.swift; path = ARConfiguration.swift; sourceTree = "<group>"; };
		C539AFD720C1B2F0001CDC09 /* ARViewController.swift */ = {isa = PBXFileReference; fileEncoding = 4; lastKnownFileType = sourcecode.swift; path = ARViewController.swift; sourceTree = "<group>"; };
		C539AFD920C1B2F0001CDC09 /* DebugMapViewController.swift */ = {isa = PBXFileReference; fileEncoding = 4; lastKnownFileType = sourcecode.swift; path = DebugMapViewController.swift; sourceTree = "<group>"; };
		C539AFDB20C1B2F0001CDC09 /* hdar_close@3x.png */ = {isa = PBXFileReference; lastKnownFileType = image.png; path = "hdar_close@3x.png"; sourceTree = "<group>"; };
		C539AFDC20C1B2F0001CDC09 /* hdar_close@2x.png */ = {isa = PBXFileReference; lastKnownFileType = image.png; path = "hdar_close@2x.png"; sourceTree = "<group>"; };
		C539AFDD20C1B2F0001CDC09 /* ARBananaScene.scn */ = {isa = PBXFileReference; lastKnownFileType = file.bplist; path = ARBananaScene.scn; sourceTree = "<group>"; };
		C539AFDE20C1B2F0001CDC09 /* DebugMapViewController.xib */ = {isa = PBXFileReference; fileEncoding = 4; lastKnownFileType = file.xib; path = DebugMapViewController.xib; sourceTree = "<group>"; };
		C539AFDF20C1B2F0001CDC09 /* banana.dae */ = {isa = PBXFileReference; fileEncoding = 4; lastKnownFileType = text.xml.dae; path = banana.dae; sourceTree = "<group>"; };
		C539AFE020C1B2F0001CDC09 /* hdar_close.png */ = {isa = PBXFileReference; lastKnownFileType = image.png; path = hdar_close.png; sourceTree = "<group>"; };
		C539AFE220C1B2F0001CDC09 /* Quest.swift */ = {isa = PBXFileReference; fileEncoding = 4; lastKnownFileType = sourcecode.swift; path = Quest.swift; sourceTree = "<group>"; };
		C539AFE320C1B2F0001CDC09 /* Keystore.swift */ = {isa = PBXFileReference; fileEncoding = 4; lastKnownFileType = sourcecode.swift; path = Keystore.swift; sourceTree = "<group>"; };
		C539AFE420C1B2F0001CDC09 /* Network.swift */ = {isa = PBXFileReference; fileEncoding = 4; lastKnownFileType = sourcecode.swift; path = Network.swift; sourceTree = "<group>"; };
		C539AFE520C1B2F0001CDC09 /* Transaction.swift */ = {isa = PBXFileReference; fileEncoding = 4; lastKnownFileType = sourcecode.swift; path = Transaction.swift; sourceTree = "<group>"; };
		C539AFE620C1B2F0001CDC09 /* Wallet.swift */ = {isa = PBXFileReference; fileEncoding = 4; lastKnownFileType = sourcecode.swift; path = Wallet.swift; sourceTree = "<group>"; };
		C539AFE820C1B2F0001CDC09 /* Assets.xcassets */ = {isa = PBXFileReference; lastKnownFileType = folder.assetcatalog; path = Assets.xcassets; sourceTree = "<group>"; };
		C539AFEB20C1B2F0001CDC09 /* PlayerMapViewController.swift */ = {isa = PBXFileReference; fileEncoding = 4; lastKnownFileType = sourcecode.swift; path = PlayerMapViewController.swift; sourceTree = "<group>"; };
		C539AFEC20C1B2F0001CDC09 /* ChooseQuestViewController.swift */ = {isa = PBXFileReference; fileEncoding = 4; lastKnownFileType = sourcecode.swift; path = ChooseQuestViewController.swift; sourceTree = "<group>"; };
		C539AFED20C1B2F0001CDC09 /* AnnotationView.swift */ = {isa = PBXFileReference; fileEncoding = 4; lastKnownFileType = sourcecode.swift; path = AnnotationView.swift; sourceTree = "<group>"; };
		C539AFEF20C1B2F0001CDC09 /* CreateQuestViewController.swift */ = {isa = PBXFileReference; fileEncoding = 4; lastKnownFileType = sourcecode.swift; path = CreateQuestViewController.swift; sourceTree = "<group>"; };
		C539AFF020C1B2F0001CDC09 /* ChooseCoordinatesViewController.swift */ = {isa = PBXFileReference; fileEncoding = 4; lastKnownFileType = sourcecode.swift; path = ChooseCoordinatesViewController.swift; sourceTree = "<group>"; };
		C539AFF220C1B2F0001CDC09 /* ViewController.swift */ = {isa = PBXFileReference; fileEncoding = 4; lastKnownFileType = sourcecode.swift; path = ViewController.swift; sourceTree = "<group>"; };
		C539AFF320C1B2F0001CDC09 /* WelcomeViewController.swift */ = {isa = PBXFileReference; fileEncoding = 4; lastKnownFileType = sourcecode.swift; path = WelcomeViewController.swift; sourceTree = "<group>"; };
		C539AFF420C1B2F0001CDC09 /* ChooseViewController.swift */ = {isa = PBXFileReference; fileEncoding = 4; lastKnownFileType = sourcecode.swift; path = ChooseViewController.swift; sourceTree = "<group>"; };
		C539AFF520C1B2F0001CDC09 /* AccountViewController.swift */ = {isa = PBXFileReference; fileEncoding = 4; lastKnownFileType = sourcecode.swift; path = AccountViewController.swift; sourceTree = "<group>"; };
		C539AFF720C1B2F0001CDC09 /* Networking.swift */ = {isa = PBXFileReference; fileEncoding = 4; lastKnownFileType = sourcecode.swift; path = Networking.swift; sourceTree = "<group>"; };
		C539AFF820C1B2F0001CDC09 /* PocketProtocol.swift */ = {isa = PBXFileReference; fileEncoding = 4; lastKnownFileType = sourcecode.swift; path = PocketProtocol.swift; sourceTree = "<group>"; };
		C539AFFA20C1B2F0001CDC09 /* ChooseQuestTableViewCell.swift */ = {isa = PBXFileReference; fileEncoding = 4; lastKnownFileType = sourcecode.swift; path = ChooseQuestTableViewCell.swift; sourceTree = "<group>"; };
		C539AFFC20C1B2F0001CDC09 /* CompleteQuest.storyboard */ = {isa = PBXFileReference; fileEncoding = 4; lastKnownFileType = file.storyboard; path = CompleteQuest.storyboard; sourceTree = "<group>"; };
		C539AFFE20C1B2F0001CDC09 /* Base */ = {isa = PBXFileReference; lastKnownFileType = file.storyboard; name = Base; path = Base.lproj/LaunchScreen.storyboard; sourceTree = "<group>"; };
		C539B00020C1B2F0001CDC09 /* Base */ = {isa = PBXFileReference; lastKnownFileType = file.storyboard; name = Base; path = Base.lproj/Main.storyboard; sourceTree = "<group>"; };
		C539B00120C1B2F0001CDC09 /* CreateQuest.storyboard */ = {isa = PBXFileReference; fileEncoding = 4; lastKnownFileType = file.storyboard; path = CreateQuest.storyboard; sourceTree = "<group>"; };
		DDEB9FEAEA22C7476EF216A4 /* Pods-Pocket.release.xcconfig */ = {isa = PBXFileReference; includeInIndex = 1; lastKnownFileType = text.xcconfig; name = "Pods-Pocket.release.xcconfig"; path = "Pods/Target Support Files/Pods-Pocket/Pods-Pocket.release.xcconfig"; sourceTree = "<group>"; };
/* End PBXFileReference section */

/* Begin PBXFrameworksBuildPhase section */
		C539AF9120C1B161001CDC09 /* Frameworks */ = {
			isa = PBXFrameworksBuildPhase;
			buildActionMask = 2147483647;
			files = (
			);
			runOnlyForDeploymentPostprocessing = 0;
		};
		C539AFA520C1B162001CDC09 /* Frameworks */ = {
			isa = PBXFrameworksBuildPhase;
			buildActionMask = 2147483647;
			files = (
				65F6EC52EDF27B82566BBD99 /* Pods_PocketTests.framework in Frameworks */,
			);
			runOnlyForDeploymentPostprocessing = 0;
		};
		C539AFB020C1B162001CDC09 /* Frameworks */ = {
			isa = PBXFrameworksBuildPhase;
			buildActionMask = 2147483647;
			files = (
				786C26002AA40564840B0F2E /* Pods_PocketUITests.framework in Frameworks */,
			);
			runOnlyForDeploymentPostprocessing = 0;
		};
/* End PBXFrameworksBuildPhase section */

/* Begin PBXGroup section */
		3C7BBF3BBD564FFA37617C53 /* Frameworks */ = {
			isa = PBXGroup;
			children = (
				3F4A5138210C6EE4322A6060 /* Pods_Pocket.framework */,
				16CCDC11FEAB39C6CB33B110 /* Pods_PocketTests.framework */,
				43CB0FE20274E3117351FBF3 /* Pods_PocketUITests.framework */,
			);
			name = Frameworks;
			sourceTree = "<group>";
		};
		7581B8E8AA6DD1989F3E5C56 /* Pods */ = {
			isa = PBXGroup;
			children = (
				7C710B87F6A77C66121E6E46 /* Pods-Pocket.debug.xcconfig */,
				DDEB9FEAEA22C7476EF216A4 /* Pods-Pocket.release.xcconfig */,
				C230409A0BE741438C7BFB52 /* Pods-PocketTests.debug.xcconfig */,
				0D8BBDC58CCAA909575E6BA2 /* Pods-PocketTests.release.xcconfig */,
				63F9416FA0497F709B6F9379 /* Pods-PocketUITests.debug.xcconfig */,
				00CCE8796E17526AD6B0F889 /* Pods-PocketUITests.release.xcconfig */,
			);
			name = Pods;
			sourceTree = "<group>";
		};
		C539AF8B20C1B161001CDC09 = {
			isa = PBXGroup;
			children = (
				C539AF9620C1B161001CDC09 /* Pocket */,
				C539AFAB20C1B162001CDC09 /* PocketTests */,
				C539AFB620C1B162001CDC09 /* PocketUITests */,
				C539AF9520C1B161001CDC09 /* Products */,
				C52B9BF020C1B70B00859E81 /* Podfile */,
				7581B8E8AA6DD1989F3E5C56 /* Pods */,
				3C7BBF3BBD564FFA37617C53 /* Frameworks */,
			);
			sourceTree = "<group>";
		};
		C539AF9520C1B161001CDC09 /* Products */ = {
			isa = PBXGroup;
			children = (
				C539AF9420C1B161001CDC09 /* Pocket.app */,
				C539AFA820C1B162001CDC09 /* PocketTests.xctest */,
				C539AFB320C1B162001CDC09 /* PocketUITests.xctest */,
			);
			name = Products;
			sourceTree = "<group>";
		};
		C539AF9620C1B161001CDC09 /* Pocket */ = {
			isa = PBXGroup;
			children = (
				C539B02420C1B317001CDC09 /* AppDelegate */,
				C539AFD120C1B2F0001CDC09 /* HDAugmentedReality */,
				C539AFE120C1B2F0001CDC09 /* Models */,
				C539AFF620C1B2F0001CDC09 /* Protocols */,
				C539AFE720C1B2F0001CDC09 /* Resources */,
				C539AFFB20C1B2F0001CDC09 /* Storyboards */,
				C539AFF920C1B2F0001CDC09 /* UITableViewCells */,
				C539AFE920C1B2F0001CDC09 /* ViewControllers */,
				C539AFA320C1B162001CDC09 /* Info.plist */,
			);
			path = Pocket;
			sourceTree = "<group>";
		};
		C539AFAB20C1B162001CDC09 /* PocketTests */ = {
			isa = PBXGroup;
			children = (
				C539AFAC20C1B162001CDC09 /* PocketTests.swift */,
				C539AFAE20C1B162001CDC09 /* Info.plist */,
			);
			path = PocketTests;
			sourceTree = "<group>";
		};
		C539AFB620C1B162001CDC09 /* PocketUITests */ = {
			isa = PBXGroup;
			children = (
				C539AFB720C1B162001CDC09 /* PocketUITests.swift */,
				C539AFB920C1B162001CDC09 /* Info.plist */,
			);
			path = PocketUITests;
			sourceTree = "<group>";
		};
		C539AFD120C1B2F0001CDC09 /* HDAugmentedReality */ = {
			isa = PBXGroup;
			children = (
				C539AFD220C1B2F0001CDC09 /* Classes */,
				C539AFDA20C1B2F0001CDC09 /* Resources */,
			);
			path = HDAugmentedReality;
			sourceTree = "<group>";
		};
		C539AFD220C1B2F0001CDC09 /* Classes */ = {
			isa = PBXGroup;
			children = (
				C539AFD320C1B2F0001CDC09 /* ARAnnotation.swift */,
				C539AFD420C1B2F0001CDC09 /* ARTrackingManager.swift */,
				C539AFD520C1B2F0001CDC09 /* ARAnnotationView.swift */,
				C539AFD620C1B2F0001CDC09 /* ARConfiguration.swift */,
				C539AFD720C1B2F0001CDC09 /* ARViewController.swift */,
				C539AFD820C1B2F0001CDC09 /* Debug */,
			);
			path = Classes;
			sourceTree = "<group>";
		};
		C539AFD820C1B2F0001CDC09 /* Debug */ = {
			isa = PBXGroup;
			children = (
				C539AFD920C1B2F0001CDC09 /* DebugMapViewController.swift */,
			);
			path = Debug;
			sourceTree = "<group>";
		};
		C539AFDA20C1B2F0001CDC09 /* Resources */ = {
			isa = PBXGroup;
			children = (
				C539AFDB20C1B2F0001CDC09 /* hdar_close@3x.png */,
				C539AFDC20C1B2F0001CDC09 /* hdar_close@2x.png */,
				C539AFDD20C1B2F0001CDC09 /* ARBananaScene.scn */,
				C539AFDE20C1B2F0001CDC09 /* DebugMapViewController.xib */,
				C539AFDF20C1B2F0001CDC09 /* banana.dae */,
				C539AFE020C1B2F0001CDC09 /* hdar_close.png */,
			);
			path = Resources;
			sourceTree = "<group>";
		};
		C539AFE120C1B2F0001CDC09 /* Models */ = {
			isa = PBXGroup;
			children = (
				C539AFE220C1B2F0001CDC09 /* Quest.swift */,
				C539AFE320C1B2F0001CDC09 /* Keystore.swift */,
				C539AFE420C1B2F0001CDC09 /* Network.swift */,
				C539AFE520C1B2F0001CDC09 /* Transaction.swift */,
				C539AFE620C1B2F0001CDC09 /* Wallet.swift */,
			);
			path = Models;
			sourceTree = "<group>";
		};
		C539AFE720C1B2F0001CDC09 /* Resources */ = {
			isa = PBXGroup;
			children = (
				C539AFE820C1B2F0001CDC09 /* Assets.xcassets */,
			);
			path = Resources;
			sourceTree = "<group>";
		};
		C539AFE920C1B2F0001CDC09 /* ViewControllers */ = {
			isa = PBXGroup;
			children = (
				C539AFEA20C1B2F0001CDC09 /* CompleteQuest */,
				C539AFEE20C1B2F0001CDC09 /* CreateQuest */,
				C539AFF120C1B2F0001CDC09 /* Account */,
			);
			path = ViewControllers;
			sourceTree = "<group>";
		};
		C539AFEA20C1B2F0001CDC09 /* CompleteQuest */ = {
			isa = PBXGroup;
			children = (
				C539AFEB20C1B2F0001CDC09 /* PlayerMapViewController.swift */,
				C539AFEC20C1B2F0001CDC09 /* ChooseQuestViewController.swift */,
				C539AFED20C1B2F0001CDC09 /* AnnotationView.swift */,
			);
			path = CompleteQuest;
			sourceTree = "<group>";
		};
		C539AFEE20C1B2F0001CDC09 /* CreateQuest */ = {
			isa = PBXGroup;
			children = (
				C539AFEF20C1B2F0001CDC09 /* CreateQuestViewController.swift */,
				C539AFF020C1B2F0001CDC09 /* ChooseCoordinatesViewController.swift */,
			);
			path = CreateQuest;
			sourceTree = "<group>";
		};
		C539AFF120C1B2F0001CDC09 /* Account */ = {
			isa = PBXGroup;
			children = (
				C539AFF220C1B2F0001CDC09 /* ViewController.swift */,
				C539AFF320C1B2F0001CDC09 /* WelcomeViewController.swift */,
				C539AFF420C1B2F0001CDC09 /* ChooseViewController.swift */,
				C539AFF520C1B2F0001CDC09 /* AccountViewController.swift */,
			);
			path = Account;
			sourceTree = "<group>";
		};
		C539AFF620C1B2F0001CDC09 /* Protocols */ = {
			isa = PBXGroup;
			children = (
				C539AFF720C1B2F0001CDC09 /* Networking.swift */,
				C539AFF820C1B2F0001CDC09 /* PocketProtocol.swift */,
			);
			path = Protocols;
			sourceTree = "<group>";
		};
		C539AFF920C1B2F0001CDC09 /* UITableViewCells */ = {
			isa = PBXGroup;
			children = (
				C539AFFA20C1B2F0001CDC09 /* ChooseQuestTableViewCell.swift */,
			);
			path = UITableViewCells;
			sourceTree = "<group>";
		};
		C539AFFB20C1B2F0001CDC09 /* Storyboards */ = {
			isa = PBXGroup;
			children = (
				C539AFFC20C1B2F0001CDC09 /* CompleteQuest.storyboard */,
				C539AFFD20C1B2F0001CDC09 /* LaunchScreen.storyboard */,
				C539AFFF20C1B2F0001CDC09 /* Main.storyboard */,
				C539B00120C1B2F0001CDC09 /* CreateQuest.storyboard */,
			);
			path = Storyboards;
			sourceTree = "<group>";
		};
		C539B02420C1B317001CDC09 /* AppDelegate */ = {
			isa = PBXGroup;
			children = (
				C539AF9720C1B161001CDC09 /* AppDelegate.swift */,
			);
			path = AppDelegate;
			sourceTree = "<group>";
		};
/* End PBXGroup section */

/* Begin PBXNativeTarget section */
		C539AF9320C1B161001CDC09 /* Pocket */ = {
			isa = PBXNativeTarget;
			buildConfigurationList = C539AFBC20C1B162001CDC09 /* Build configuration list for PBXNativeTarget "Pocket" */;
			buildPhases = (
				8A8F3FF3504C3DA4B6FDD823 /* [CP] Check Pods Manifest.lock */,
				C539AF9020C1B161001CDC09 /* Sources */,
				C539AF9120C1B161001CDC09 /* Frameworks */,
				C539AF9220C1B161001CDC09 /* Resources */,
				49FB8964D8AC9A828B9AA318 /* [CP] Embed Pods Frameworks */,
			);
			buildRules = (
			);
			dependencies = (
			);
			name = Pocket;
			productName = Pocket;
			productReference = C539AF9420C1B161001CDC09 /* Pocket.app */;
			productType = "com.apple.product-type.application";
		};
		C539AFA720C1B162001CDC09 /* PocketTests */ = {
			isa = PBXNativeTarget;
			buildConfigurationList = C539AFBF20C1B162001CDC09 /* Build configuration list for PBXNativeTarget "PocketTests" */;
			buildPhases = (
				D781B76014BBCA33D5726578 /* [CP] Check Pods Manifest.lock */,
				C539AFA420C1B162001CDC09 /* Sources */,
				C539AFA520C1B162001CDC09 /* Frameworks */,
				C539AFA620C1B162001CDC09 /* Resources */,
			);
			buildRules = (
			);
			dependencies = (
				C539AFAA20C1B162001CDC09 /* PBXTargetDependency */,
			);
			name = PocketTests;
			productName = PocketTests;
			productReference = C539AFA820C1B162001CDC09 /* PocketTests.xctest */;
			productType = "com.apple.product-type.bundle.unit-test";
		};
		C539AFB220C1B162001CDC09 /* PocketUITests */ = {
			isa = PBXNativeTarget;
			buildConfigurationList = C539AFC220C1B162001CDC09 /* Build configuration list for PBXNativeTarget "PocketUITests" */;
			buildPhases = (
				FF28181FA2FB73844BA31E5A /* [CP] Check Pods Manifest.lock */,
				C539AFAF20C1B162001CDC09 /* Sources */,
				C539AFB020C1B162001CDC09 /* Frameworks */,
				C539AFB120C1B162001CDC09 /* Resources */,
			);
			buildRules = (
			);
			dependencies = (
				C539AFB520C1B162001CDC09 /* PBXTargetDependency */,
			);
			name = PocketUITests;
			productName = PocketUITests;
			productReference = C539AFB320C1B162001CDC09 /* PocketUITests.xctest */;
			productType = "com.apple.product-type.bundle.ui-testing";
		};
/* End PBXNativeTarget section */

/* Begin PBXProject section */
		C539AF8C20C1B161001CDC09 /* Project object */ = {
			isa = PBXProject;
			attributes = {
				LastSwiftUpdateCheck = 0930;
				LastUpgradeCheck = 0930;
				ORGANIZATIONNAME = "Pocket Network";
				TargetAttributes = {
					C539AF9320C1B161001CDC09 = {
						CreatedOnToolsVersion = 9.3.1;
					};
					C539AFA720C1B162001CDC09 = {
						CreatedOnToolsVersion = 9.3.1;
						TestTargetID = C539AF9320C1B161001CDC09;
					};
					C539AFB220C1B162001CDC09 = {
						CreatedOnToolsVersion = 9.3.1;
						TestTargetID = C539AF9320C1B161001CDC09;
					};
				};
			};
			buildConfigurationList = C539AF8F20C1B161001CDC09 /* Build configuration list for PBXProject "Pocket" */;
			compatibilityVersion = "Xcode 9.3";
			developmentRegion = en;
			hasScannedForEncodings = 0;
			knownRegions = (
				en,
				Base,
			);
			mainGroup = C539AF8B20C1B161001CDC09;
			productRefGroup = C539AF9520C1B161001CDC09 /* Products */;
			projectDirPath = "";
			projectRoot = "";
			targets = (
				C539AF9320C1B161001CDC09 /* Pocket */,
				C539AFA720C1B162001CDC09 /* PocketTests */,
				C539AFB220C1B162001CDC09 /* PocketUITests */,
			);
		};
/* End PBXProject section */

/* Begin PBXResourcesBuildPhase section */
		C539AF9220C1B161001CDC09 /* Resources */ = {
			isa = PBXResourcesBuildPhase;
			buildActionMask = 2147483647;
			files = (
				C539B02020C1B2F0001CDC09 /* CompleteQuest.storyboard in Resources */,
				C539B00D20C1B2F0001CDC09 /* hdar_close.png in Resources */,
				C539B01320C1B2F0001CDC09 /* Assets.xcassets in Resources */,
				C539B00C20C1B2F0001CDC09 /* banana.dae in Resources */,
				C539B02220C1B2F0001CDC09 /* Main.storyboard in Resources */,
				C539B00B20C1B2F0001CDC09 /* DebugMapViewController.xib in Resources */,
				C52B9BF120C1B70B00859E81 /* Podfile in Resources */,
				C539B02320C1B2F0001CDC09 /* CreateQuest.storyboard in Resources */,
				C539B00820C1B2F0001CDC09 /* hdar_close@3x.png in Resources */,
				C539B02120C1B2F0001CDC09 /* LaunchScreen.storyboard in Resources */,
				C539B00920C1B2F0001CDC09 /* hdar_close@2x.png in Resources */,
				C539B00A20C1B2F0001CDC09 /* ARBananaScene.scn in Resources */,
			);
			runOnlyForDeploymentPostprocessing = 0;
		};
		C539AFA620C1B162001CDC09 /* Resources */ = {
			isa = PBXResourcesBuildPhase;
			buildActionMask = 2147483647;
			files = (
			);
			runOnlyForDeploymentPostprocessing = 0;
		};
		C539AFB120C1B162001CDC09 /* Resources */ = {
			isa = PBXResourcesBuildPhase;
			buildActionMask = 2147483647;
			files = (
			);
			runOnlyForDeploymentPostprocessing = 0;
		};
/* End PBXResourcesBuildPhase section */

/* Begin PBXShellScriptBuildPhase section */
		49FB8964D8AC9A828B9AA318 /* [CP] Embed Pods Frameworks */ = {
			isa = PBXShellScriptBuildPhase;
			buildActionMask = 2147483647;
			files = (
			);
			inputPaths = (
				"${SRCROOT}/Pods/Target Support Files/Pods-Pocket/Pods-Pocket-frameworks.sh",
				"${BUILT_PRODUCTS_DIR}/CryptoSwift/CryptoSwift.framework",
				"${BUILT_PRODUCTS_DIR}/SwiftyJSON/SwiftyJSON.framework",
			);
			name = "[CP] Embed Pods Frameworks";
			outputPaths = (
				"${TARGET_BUILD_DIR}/${FRAMEWORKS_FOLDER_PATH}/CryptoSwift.framework",
				"${TARGET_BUILD_DIR}/${FRAMEWORKS_FOLDER_PATH}/SwiftyJSON.framework",
			);
			runOnlyForDeploymentPostprocessing = 0;
			shellPath = /bin/sh;
			shellScript = "\"${SRCROOT}/Pods/Target Support Files/Pods-Pocket/Pods-Pocket-frameworks.sh\"\n";
			showEnvVarsInLog = 0;
		};
		8A8F3FF3504C3DA4B6FDD823 /* [CP] Check Pods Manifest.lock */ = {
			isa = PBXShellScriptBuildPhase;
			buildActionMask = 2147483647;
			files = (
			);
			inputPaths = (
				"${PODS_PODFILE_DIR_PATH}/Podfile.lock",
				"${PODS_ROOT}/Manifest.lock",
			);
			name = "[CP] Check Pods Manifest.lock";
			outputPaths = (
				"$(DERIVED_FILE_DIR)/Pods-Pocket-checkManifestLockResult.txt",
			);
			runOnlyForDeploymentPostprocessing = 0;
			shellPath = /bin/sh;
			shellScript = "diff \"${PODS_PODFILE_DIR_PATH}/Podfile.lock\" \"${PODS_ROOT}/Manifest.lock\" > /dev/null\nif [ $? != 0 ] ; then\n    # print error to STDERR\n    echo \"error: The sandbox is not in sync with the Podfile.lock. Run 'pod install' or update your CocoaPods installation.\" >&2\n    exit 1\nfi\n# This output is used by Xcode 'outputs' to avoid re-running this script phase.\necho \"SUCCESS\" > \"${SCRIPT_OUTPUT_FILE_0}\"\n";
			showEnvVarsInLog = 0;
		};
		D781B76014BBCA33D5726578 /* [CP] Check Pods Manifest.lock */ = {
			isa = PBXShellScriptBuildPhase;
			buildActionMask = 2147483647;
			files = (
			);
			inputPaths = (
				"${PODS_PODFILE_DIR_PATH}/Podfile.lock",
				"${PODS_ROOT}/Manifest.lock",
			);
			name = "[CP] Check Pods Manifest.lock";
			outputPaths = (
				"$(DERIVED_FILE_DIR)/Pods-PocketTests-checkManifestLockResult.txt",
			);
			runOnlyForDeploymentPostprocessing = 0;
			shellPath = /bin/sh;
			shellScript = "diff \"${PODS_PODFILE_DIR_PATH}/Podfile.lock\" \"${PODS_ROOT}/Manifest.lock\" > /dev/null\nif [ $? != 0 ] ; then\n    # print error to STDERR\n    echo \"error: The sandbox is not in sync with the Podfile.lock. Run 'pod install' or update your CocoaPods installation.\" >&2\n    exit 1\nfi\n# This output is used by Xcode 'outputs' to avoid re-running this script phase.\necho \"SUCCESS\" > \"${SCRIPT_OUTPUT_FILE_0}\"\n";
			showEnvVarsInLog = 0;
		};
		FF28181FA2FB73844BA31E5A /* [CP] Check Pods Manifest.lock */ = {
			isa = PBXShellScriptBuildPhase;
			buildActionMask = 2147483647;
			files = (
			);
			inputPaths = (
				"${PODS_PODFILE_DIR_PATH}/Podfile.lock",
				"${PODS_ROOT}/Manifest.lock",
			);
			name = "[CP] Check Pods Manifest.lock";
			outputPaths = (
				"$(DERIVED_FILE_DIR)/Pods-PocketUITests-checkManifestLockResult.txt",
			);
			runOnlyForDeploymentPostprocessing = 0;
			shellPath = /bin/sh;
			shellScript = "diff \"${PODS_PODFILE_DIR_PATH}/Podfile.lock\" \"${PODS_ROOT}/Manifest.lock\" > /dev/null\nif [ $? != 0 ] ; then\n    # print error to STDERR\n    echo \"error: The sandbox is not in sync with the Podfile.lock. Run 'pod install' or update your CocoaPods installation.\" >&2\n    exit 1\nfi\n# This output is used by Xcode 'outputs' to avoid re-running this script phase.\necho \"SUCCESS\" > \"${SCRIPT_OUTPUT_FILE_0}\"\n";
			showEnvVarsInLog = 0;
		};
/* End PBXShellScriptBuildPhase section */

/* Begin PBXSourcesBuildPhase section */
		C539AF9020C1B161001CDC09 /* Sources */ = {
			isa = PBXSourcesBuildPhase;
			buildActionMask = 2147483647;
			files = (
				C539B01E20C1B2F0001CDC09 /* PocketProtocol.swift in Sources */,
				C539B01220C1B2F0001CDC09 /* Wallet.swift in Sources */,
				C539B01D20C1B2F0001CDC09 /* Networking.swift in Sources */,
				C539B01820C1B2F0001CDC09 /* ChooseCoordinatesViewController.swift in Sources */,
				C539B01C20C1B2F0001CDC09 /* AccountViewController.swift in Sources */,
				C539B01120C1B2F0001CDC09 /* Transaction.swift in Sources */,
				C539B01020C1B2F0001CDC09 /* Network.swift in Sources */,
				C539B00E20C1B2F0001CDC09 /* Quest.swift in Sources */,
				C539B00320C1B2F0001CDC09 /* ARTrackingManager.swift in Sources */,
				C539B00720C1B2F0001CDC09 /* DebugMapViewController.swift in Sources */,
				C539AF9820C1B161001CDC09 /* AppDelegate.swift in Sources */,
				C539B01620C1B2F0001CDC09 /* AnnotationView.swift in Sources */,
				C539B00420C1B2F0001CDC09 /* ARAnnotationView.swift in Sources */,
				C539B00620C1B2F0001CDC09 /* ARViewController.swift in Sources */,
				C539B01420C1B2F0001CDC09 /* PlayerMapViewController.swift in Sources */,
				C539B01F20C1B2F0001CDC09 /* ChooseQuestTableViewCell.swift in Sources */,
				C539B01920C1B2F0001CDC09 /* ViewController.swift in Sources */,
				C539B01B20C1B2F0001CDC09 /* ChooseViewController.swift in Sources */,
				C539B00F20C1B2F0001CDC09 /* Keystore.swift in Sources */,
				C539B00520C1B2F0001CDC09 /* ARConfiguration.swift in Sources */,
				C539B01520C1B2F0001CDC09 /* ChooseQuestViewController.swift in Sources */,
				C539B00220C1B2F0001CDC09 /* ARAnnotation.swift in Sources */,
				C539B01720C1B2F0001CDC09 /* CreateQuestViewController.swift in Sources */,
				C539B01A20C1B2F0001CDC09 /* WelcomeViewController.swift in Sources */,
			);
			runOnlyForDeploymentPostprocessing = 0;
		};
		C539AFA420C1B162001CDC09 /* Sources */ = {
			isa = PBXSourcesBuildPhase;
			buildActionMask = 2147483647;
			files = (
				C539AFAD20C1B162001CDC09 /* PocketTests.swift in Sources */,
			);
			runOnlyForDeploymentPostprocessing = 0;
		};
		C539AFAF20C1B162001CDC09 /* Sources */ = {
			isa = PBXSourcesBuildPhase;
			buildActionMask = 2147483647;
			files = (
				C539AFB820C1B162001CDC09 /* PocketUITests.swift in Sources */,
			);
			runOnlyForDeploymentPostprocessing = 0;
		};
/* End PBXSourcesBuildPhase section */

/* Begin PBXTargetDependency section */
		C539AFAA20C1B162001CDC09 /* PBXTargetDependency */ = {
			isa = PBXTargetDependency;
			target = C539AF9320C1B161001CDC09 /* Pocket */;
			targetProxy = C539AFA920C1B162001CDC09 /* PBXContainerItemProxy */;
		};
		C539AFB520C1B162001CDC09 /* PBXTargetDependency */ = {
			isa = PBXTargetDependency;
			target = C539AF9320C1B161001CDC09 /* Pocket */;
			targetProxy = C539AFB420C1B162001CDC09 /* PBXContainerItemProxy */;
		};
/* End PBXTargetDependency section */

/* Begin PBXVariantGroup section */
		C539AFFD20C1B2F0001CDC09 /* LaunchScreen.storyboard */ = {
			isa = PBXVariantGroup;
			children = (
				C539AFFE20C1B2F0001CDC09 /* Base */,
			);
			name = LaunchScreen.storyboard;
			sourceTree = "<group>";
		};
		C539AFFF20C1B2F0001CDC09 /* Main.storyboard */ = {
			isa = PBXVariantGroup;
			children = (
				C539B00020C1B2F0001CDC09 /* Base */,
			);
			name = Main.storyboard;
			sourceTree = "<group>";
		};
/* End PBXVariantGroup section */

/* Begin XCBuildConfiguration section */
		C539AFBA20C1B162001CDC09 /* Debug */ = {
			isa = XCBuildConfiguration;
			buildSettings = {
				ALWAYS_SEARCH_USER_PATHS = NO;
				CLANG_ANALYZER_NONNULL = YES;
				CLANG_ANALYZER_NUMBER_OBJECT_CONVERSION = YES_AGGRESSIVE;
				CLANG_CXX_LANGUAGE_STANDARD = "gnu++14";
				CLANG_CXX_LIBRARY = "libc++";
				CLANG_ENABLE_MODULES = YES;
				CLANG_ENABLE_OBJC_ARC = YES;
				CLANG_ENABLE_OBJC_WEAK = YES;
				CLANG_WARN_BLOCK_CAPTURE_AUTORELEASING = YES;
				CLANG_WARN_BOOL_CONVERSION = YES;
				CLANG_WARN_COMMA = YES;
				CLANG_WARN_CONSTANT_CONVERSION = YES;
				CLANG_WARN_DEPRECATED_OBJC_IMPLEMENTATIONS = YES;
				CLANG_WARN_DIRECT_OBJC_ISA_USAGE = YES_ERROR;
				CLANG_WARN_DOCUMENTATION_COMMENTS = YES;
				CLANG_WARN_EMPTY_BODY = YES;
				CLANG_WARN_ENUM_CONVERSION = YES;
				CLANG_WARN_INFINITE_RECURSION = YES;
				CLANG_WARN_INT_CONVERSION = YES;
				CLANG_WARN_NON_LITERAL_NULL_CONVERSION = YES;
				CLANG_WARN_OBJC_IMPLICIT_RETAIN_SELF = YES;
				CLANG_WARN_OBJC_LITERAL_CONVERSION = YES;
				CLANG_WARN_OBJC_ROOT_CLASS = YES_ERROR;
				CLANG_WARN_RANGE_LOOP_ANALYSIS = YES;
				CLANG_WARN_STRICT_PROTOTYPES = YES;
				CLANG_WARN_SUSPICIOUS_MOVE = YES;
				CLANG_WARN_UNGUARDED_AVAILABILITY = YES_AGGRESSIVE;
				CLANG_WARN_UNREACHABLE_CODE = YES;
				CLANG_WARN__DUPLICATE_METHOD_MATCH = YES;
				CODE_SIGN_IDENTITY = "iPhone Developer";
				COPY_PHASE_STRIP = NO;
				DEBUG_INFORMATION_FORMAT = dwarf;
				ENABLE_STRICT_OBJC_MSGSEND = YES;
				ENABLE_TESTABILITY = YES;
				GCC_C_LANGUAGE_STANDARD = gnu11;
				GCC_DYNAMIC_NO_PIC = NO;
				GCC_NO_COMMON_BLOCKS = YES;
				GCC_OPTIMIZATION_LEVEL = 0;
				GCC_PREPROCESSOR_DEFINITIONS = (
					"DEBUG=1",
					"$(inherited)",
				);
				GCC_WARN_64_TO_32_BIT_CONVERSION = YES;
				GCC_WARN_ABOUT_RETURN_TYPE = YES_ERROR;
				GCC_WARN_UNDECLARED_SELECTOR = YES;
				GCC_WARN_UNINITIALIZED_AUTOS = YES_AGGRESSIVE;
				GCC_WARN_UNUSED_FUNCTION = YES;
				GCC_WARN_UNUSED_VARIABLE = YES;
				IPHONEOS_DEPLOYMENT_TARGET = 11.3;
				MTL_ENABLE_DEBUG_INFO = YES;
				ONLY_ACTIVE_ARCH = YES;
				SDKROOT = iphoneos;
				SWIFT_ACTIVE_COMPILATION_CONDITIONS = DEBUG;
				SWIFT_OPTIMIZATION_LEVEL = "-Onone";
			};
			name = Debug;
		};
		C539AFBB20C1B162001CDC09 /* Release */ = {
			isa = XCBuildConfiguration;
			buildSettings = {
				ALWAYS_SEARCH_USER_PATHS = NO;
				CLANG_ANALYZER_NONNULL = YES;
				CLANG_ANALYZER_NUMBER_OBJECT_CONVERSION = YES_AGGRESSIVE;
				CLANG_CXX_LANGUAGE_STANDARD = "gnu++14";
				CLANG_CXX_LIBRARY = "libc++";
				CLANG_ENABLE_MODULES = YES;
				CLANG_ENABLE_OBJC_ARC = YES;
				CLANG_ENABLE_OBJC_WEAK = YES;
				CLANG_WARN_BLOCK_CAPTURE_AUTORELEASING = YES;
				CLANG_WARN_BOOL_CONVERSION = YES;
				CLANG_WARN_COMMA = YES;
				CLANG_WARN_CONSTANT_CONVERSION = YES;
				CLANG_WARN_DEPRECATED_OBJC_IMPLEMENTATIONS = YES;
				CLANG_WARN_DIRECT_OBJC_ISA_USAGE = YES_ERROR;
				CLANG_WARN_DOCUMENTATION_COMMENTS = YES;
				CLANG_WARN_EMPTY_BODY = YES;
				CLANG_WARN_ENUM_CONVERSION = YES;
				CLANG_WARN_INFINITE_RECURSION = YES;
				CLANG_WARN_INT_CONVERSION = YES;
				CLANG_WARN_NON_LITERAL_NULL_CONVERSION = YES;
				CLANG_WARN_OBJC_IMPLICIT_RETAIN_SELF = YES;
				CLANG_WARN_OBJC_LITERAL_CONVERSION = YES;
				CLANG_WARN_OBJC_ROOT_CLASS = YES_ERROR;
				CLANG_WARN_RANGE_LOOP_ANALYSIS = YES;
				CLANG_WARN_STRICT_PROTOTYPES = YES;
				CLANG_WARN_SUSPICIOUS_MOVE = YES;
				CLANG_WARN_UNGUARDED_AVAILABILITY = YES_AGGRESSIVE;
				CLANG_WARN_UNREACHABLE_CODE = YES;
				CLANG_WARN__DUPLICATE_METHOD_MATCH = YES;
				CODE_SIGN_IDENTITY = "iPhone Developer";
				COPY_PHASE_STRIP = NO;
				DEBUG_INFORMATION_FORMAT = "dwarf-with-dsym";
				ENABLE_NS_ASSERTIONS = NO;
				ENABLE_STRICT_OBJC_MSGSEND = YES;
				GCC_C_LANGUAGE_STANDARD = gnu11;
				GCC_NO_COMMON_BLOCKS = YES;
				GCC_WARN_64_TO_32_BIT_CONVERSION = YES;
				GCC_WARN_ABOUT_RETURN_TYPE = YES_ERROR;
				GCC_WARN_UNDECLARED_SELECTOR = YES;
				GCC_WARN_UNINITIALIZED_AUTOS = YES_AGGRESSIVE;
				GCC_WARN_UNUSED_FUNCTION = YES;
				GCC_WARN_UNUSED_VARIABLE = YES;
				IPHONEOS_DEPLOYMENT_TARGET = 11.3;
				MTL_ENABLE_DEBUG_INFO = NO;
				SDKROOT = iphoneos;
				SWIFT_COMPILATION_MODE = wholemodule;
				SWIFT_OPTIMIZATION_LEVEL = "-O";
				VALIDATE_PRODUCT = YES;
			};
			name = Release;
		};
		C539AFBD20C1B162001CDC09 /* Debug */ = {
			isa = XCBuildConfiguration;
			baseConfigurationReference = 7C710B87F6A77C66121E6E46 /* Pods-Pocket.debug.xcconfig */;
			buildSettings = {
				ASSETCATALOG_COMPILER_APPICON_NAME = AppIcon;
				CODE_SIGN_STYLE = Automatic;
				INFOPLIST_FILE = Pocket/Info.plist;
				LD_RUNPATH_SEARCH_PATHS = (
					"$(inherited)",
					"@executable_path/Frameworks",
				);
				PRODUCT_BUNDLE_IDENTIFIER = network.pokt;
				PRODUCT_NAME = "$(TARGET_NAME)";
				SWIFT_VERSION = 4.0;
				TARGETED_DEVICE_FAMILY = "1,2";
			};
			name = Debug;
		};
		C539AFBE20C1B162001CDC09 /* Release */ = {
			isa = XCBuildConfiguration;
			baseConfigurationReference = DDEB9FEAEA22C7476EF216A4 /* Pods-Pocket.release.xcconfig */;
			buildSettings = {
				ASSETCATALOG_COMPILER_APPICON_NAME = AppIcon;
				CODE_SIGN_STYLE = Automatic;
				INFOPLIST_FILE = Pocket/Info.plist;
				LD_RUNPATH_SEARCH_PATHS = (
					"$(inherited)",
					"@executable_path/Frameworks",
				);
				PRODUCT_BUNDLE_IDENTIFIER = network.pokt;
				PRODUCT_NAME = "$(TARGET_NAME)";
				SWIFT_VERSION = 4.0;
				TARGETED_DEVICE_FAMILY = "1,2";
			};
			name = Release;
		};
		C539AFC020C1B162001CDC09 /* Debug */ = {
			isa = XCBuildConfiguration;
			baseConfigurationReference = C230409A0BE741438C7BFB52 /* Pods-PocketTests.debug.xcconfig */;
			buildSettings = {
				ALWAYS_EMBED_SWIFT_STANDARD_LIBRARIES = YES;
				BUNDLE_LOADER = "$(TEST_HOST)";
				CODE_SIGN_STYLE = Automatic;
				INFOPLIST_FILE = PocketTests/Info.plist;
				LD_RUNPATH_SEARCH_PATHS = (
					"$(inherited)",
					"@executable_path/Frameworks",
					"@loader_path/Frameworks",
				);
				PRODUCT_BUNDLE_IDENTIFIER = network.pokt.PocketTests;
				PRODUCT_NAME = "$(TARGET_NAME)";
				SWIFT_VERSION = 4.0;
				TARGETED_DEVICE_FAMILY = "1,2";
				TEST_HOST = "$(BUILT_PRODUCTS_DIR)/Pocket.app/Pocket";
			};
			name = Debug;
		};
		C539AFC120C1B162001CDC09 /* Release */ = {
			isa = XCBuildConfiguration;
			baseConfigurationReference = 0D8BBDC58CCAA909575E6BA2 /* Pods-PocketTests.release.xcconfig */;
			buildSettings = {
				ALWAYS_EMBED_SWIFT_STANDARD_LIBRARIES = YES;
				BUNDLE_LOADER = "$(TEST_HOST)";
				CODE_SIGN_STYLE = Automatic;
				INFOPLIST_FILE = PocketTests/Info.plist;
				LD_RUNPATH_SEARCH_PATHS = (
					"$(inherited)",
					"@executable_path/Frameworks",
					"@loader_path/Frameworks",
				);
				PRODUCT_BUNDLE_IDENTIFIER = network.pokt.PocketTests;
				PRODUCT_NAME = "$(TARGET_NAME)";
				SWIFT_VERSION = 4.0;
				TARGETED_DEVICE_FAMILY = "1,2";
				TEST_HOST = "$(BUILT_PRODUCTS_DIR)/Pocket.app/Pocket";
			};
			name = Release;
		};
		C539AFC320C1B162001CDC09 /* Debug */ = {
			isa = XCBuildConfiguration;
			baseConfigurationReference = 63F9416FA0497F709B6F9379 /* Pods-PocketUITests.debug.xcconfig */;
			buildSettings = {
				ALWAYS_EMBED_SWIFT_STANDARD_LIBRARIES = YES;
				CODE_SIGN_STYLE = Automatic;
				INFOPLIST_FILE = PocketUITests/Info.plist;
				LD_RUNPATH_SEARCH_PATHS = (
					"$(inherited)",
					"@executable_path/Frameworks",
					"@loader_path/Frameworks",
				);
				PRODUCT_BUNDLE_IDENTIFIER = network.pokt.PocketUITests;
				PRODUCT_NAME = "$(TARGET_NAME)";
				SWIFT_VERSION = 4.0;
				TARGETED_DEVICE_FAMILY = "1,2";
				TEST_TARGET_NAME = Pocket;
			};
			name = Debug;
		};
		C539AFC420C1B162001CDC09 /* Release */ = {
			isa = XCBuildConfiguration;
			baseConfigurationReference = 00CCE8796E17526AD6B0F889 /* Pods-PocketUITests.release.xcconfig */;
			buildSettings = {
				ALWAYS_EMBED_SWIFT_STANDARD_LIBRARIES = YES;
				CODE_SIGN_STYLE = Automatic;
				INFOPLIST_FILE = PocketUITests/Info.plist;
				LD_RUNPATH_SEARCH_PATHS = (
					"$(inherited)",
					"@executable_path/Frameworks",
					"@loader_path/Frameworks",
				);
				PRODUCT_BUNDLE_IDENTIFIER = network.pokt.PocketUITests;
				PRODUCT_NAME = "$(TARGET_NAME)";
				SWIFT_VERSION = 4.0;
				TARGETED_DEVICE_FAMILY = "1,2";
				TEST_TARGET_NAME = Pocket;
			};
			name = Release;
		};
/* End XCBuildConfiguration section */

/* Begin XCConfigurationList section */
		C539AF8F20C1B161001CDC09 /* Build configuration list for PBXProject "Pocket" */ = {
			isa = XCConfigurationList;
			buildConfigurations = (
				C539AFBA20C1B162001CDC09 /* Debug */,
				C539AFBB20C1B162001CDC09 /* Release */,
			);
			defaultConfigurationIsVisible = 0;
			defaultConfigurationName = Release;
		};
		C539AFBC20C1B162001CDC09 /* Build configuration list for PBXNativeTarget "Pocket" */ = {
			isa = XCConfigurationList;
			buildConfigurations = (
				C539AFBD20C1B162001CDC09 /* Debug */,
				C539AFBE20C1B162001CDC09 /* Release */,
			);
			defaultConfigurationIsVisible = 0;
			defaultConfigurationName = Release;
		};
		C539AFBF20C1B162001CDC09 /* Build configuration list for PBXNativeTarget "PocketTests" */ = {
			isa = XCConfigurationList;
			buildConfigurations = (
				C539AFC020C1B162001CDC09 /* Debug */,
				C539AFC120C1B162001CDC09 /* Release */,
			);
			defaultConfigurationIsVisible = 0;
			defaultConfigurationName = Release;
		};
		C539AFC220C1B162001CDC09 /* Build configuration list for PBXNativeTarget "PocketUITests" */ = {
			isa = XCConfigurationList;
			buildConfigurations = (
				C539AFC320C1B162001CDC09 /* Debug */,
				C539AFC420C1B162001CDC09 /* Release */,
			);
			defaultConfigurationIsVisible = 0;
			defaultConfigurationName = Release;
		};
/* End XCConfigurationList section */
	};
	rootObject = C539AF8C20C1B161001CDC09 /* Project object */;
}
